// !$*UTF8*$!
{
	archiveVersion = 1;
	classes = {
	};
	objectVersion = 56;
	objects = {

/* Begin PBXBuildFile section */
		4A302E742F6BCEFB0097FBCA /* FirebaseAuth in Frameworks */ = {isa = PBXBuildFile; productRef = 4A302E732F6BCEFB0097FBCA /* FirebaseAuth */; };
		4A302E762F6BCF0B0097FBCA /* FirebaseFirestore in Frameworks */ = {isa = PBXBuildFile; productRef = 4A302E752F6BCF0B0097FBCA /* FirebaseFirestore */; };
		4A302E7C2F6BCF850097FBCA /* FirebaseAnalytics in Frameworks */ = {isa = PBXBuildFile; productRef = 4A302E7B2F6BCF850097FBCA /* FirebaseAnalytics */; };
		4A302E7E2F6BCF850097FBCA /* FirebaseAnalyticsCore in Frameworks */ = {isa = PBXBuildFile; productRef = 4A302E7D2F6BCF850097FBCA /* FirebaseAnalyticsCore */; };
		4A302E802F6BCF850097FBCA /* FirebaseAnalyticsIdentitySupport in Frameworks */ = {isa = PBXBuildFile; productRef = 4A302E7F2F6BCF850097FBCA /* FirebaseAnalyticsIdentitySupport */; };
		4A302E822F6BCF850097FBCA /* FirebaseAppCheck in Frameworks */ = {isa = PBXBuildFile; productRef = 4A302E812F6BCF850097FBCA /* FirebaseAppCheck */; };
		4A302E842F6BCF850097FBCA /* FirebaseAppDistribution-Beta in Frameworks */ = {isa = PBXBuildFile; productRef = 4A302E832F6BCF850097FBCA /* FirebaseAppDistribution-Beta */; };
		4A302E862F6BCF850097FBCA /* FirebaseAuth in Frameworks */ = {isa = PBXBuildFile; productRef = 4A302E852F6BCF850097FBCA /* FirebaseAuth */; };
		4A302E882F6BCF850097FBCA /* FirebaseAuthCombine-Community in Frameworks */ = {isa = PBXBuildFile; productRef = 4A302E872F6BCF850097FBCA /* FirebaseAuthCombine-Community */; };
		4A302E8A2F6BCF850097FBCA /* FirebaseCore in Frameworks */ = {isa = PBXBuildFile; productRef = 4A302E892F6BCF850097FBCA /* FirebaseCore */; };
		4A302E8C2F6BCF850097FBCA /* FirebaseCrashlytics in Frameworks */ = {isa = PBXBuildFile; productRef = 4A302E8B2F6BCF850097FBCA /* FirebaseCrashlytics */; };
		4A302E8E2F6BCF850097FBCA /* FirebaseDatabase in Frameworks */ = {isa = PBXBuildFile; productRef = 4A302E8D2F6BCF850097FBCA /* FirebaseDatabase */; };
		4A302E902F6BCF850097FBCA /* FirebaseFirestore in Frameworks */ = {isa = PBXBuildFile; productRef = 4A302E8F2F6BCF850097FBCA /* FirebaseFirestore */; };
		4A302E922F6BCF850097FBCA /* FirebaseFirestoreCombine-Community in Frameworks */ = {isa = PBXBuildFile; productRef = 4A302E912F6BCF850097FBCA /* FirebaseFirestoreCombine-Community */; };
		4A302E942F6BCF850097FBCA /* FirebaseFunctions in Frameworks */ = {isa = PBXBuildFile; productRef = 4A302E932F6BCF850097FBCA /* FirebaseFunctions */; };
		4A302E962F6BCF850097FBCA /* FirebaseFunctionsCombine-Community in Frameworks */ = {isa = PBXBuildFile; productRef = 4A302E952F6BCF850097FBCA /* FirebaseFunctionsCombine-Community */; };
		4A302E982F6BCF850097FBCA /* FirebaseInAppMessaging-Beta in Frameworks */ = {isa = PBXBuildFile; productRef = 4A302E972F6BCF850097FBCA /* FirebaseInAppMessaging-Beta */; };
		4A302E9A2F6BCF850097FBCA /* FirebaseInstallations in Frameworks */ = {isa = PBXBuildFile; productRef = 4A302E992F6BCF850097FBCA /* FirebaseInstallations */; };
		4A302E9C2F6BCF850097FBCA /* FirebaseMessaging in Frameworks */ = {isa = PBXBuildFile; productRef = 4A302E9B2F6BCF850097FBCA /* FirebaseMessaging */; };
		4A302E9E2F6BCF850097FBCA /* FirebaseMLModelDownloader in Frameworks */ = {isa = PBXBuildFile; productRef = 4A302E9D2F6BCF850097FBCA /* FirebaseMLModelDownloader */; };
		4A302EA02F6BCF850097FBCA /* FirebasePerformance in Frameworks */ = {isa = PBXBuildFile; productRef = 4A302E9F2F6BCF850097FBCA /* FirebasePerformance */; };
		4A302EA22F6BCF850097FBCA /* FirebaseRemoteConfig in Frameworks */ = {isa = PBXBuildFile; productRef = 4A302EA12F6BCF850097FBCA /* FirebaseRemoteConfig */; };
		4A302EA42F6BCF850097FBCA /* FirebaseStorage in Frameworks */ = {isa = PBXBuildFile; productRef = 4A302EA32F6BCF850097FBCA /* FirebaseStorage */; };
		4A302EA62F6BCF850097FBCA /* FirebaseStorageCombine-Community in Frameworks */ = {isa = PBXBuildFile; productRef = 4A302EA52F6BCF850097FBCA /* FirebaseStorageCombine-Community */; };
		4AAD035A2F6A72AB00E18C05 /* AppRootView.swift in Sources */ = {isa = PBXBuildFile; fileRef = 4A8809EF2F6A6E0F00EBEE3D /* AppRootView.swift */; };
		4AAD035B2F6A72AB00E18C05 /* AppTab.swift in Sources */ = {isa = PBXBuildFile; fileRef = 4A8809F02F6A6E0F00EBEE3D /* AppTab.swift */; };
		4AAD035C2F6A72AB00E18C05 /* SwifterXApp.swift in Sources */ = {isa = PBXBuildFile; fileRef = 4A8809F12F6A6E0F00EBEE3D /* SwifterXApp.swift */; };
		4AAD035D2F6A72AB00E18C05 /* BottomTabItemView.swift in Sources */ = {isa = PBXBuildFile; fileRef = 4A8809F32F6A6E0F00EBEE3D /* BottomTabItemView.swift */; };
		4AAD035E2F6A72AB00E18C05 /* PrimaryButton.swift in Sources */ = {isa = PBXBuildFile; fileRef = 4A8809F42F6A6E0F00EBEE3D /* PrimaryButton.swift */; };
		4AAD035F2F6A72AB00E18C05 /* RecommendationCardView.swift in Sources */ = {isa = PBXBuildFile; fileRef = 4A8809F52F6A6E0F00EBEE3D /* RecommendationCardView.swift */; };
		4AAD03602F6A72AB00E18C05 /* SearchFieldView.swift in Sources */ = {isa = PBXBuildFile; fileRef = 4A8809F62F6A6E0F00EBEE3D /* SearchFieldView.swift */; };
		4AAD03612F6A72AB00E18C05 /* ServiceCategoryCardView.swift in Sources */ = {isa = PBXBuildFile; fileRef = 4A8809F72F6A6E0F00EBEE3D /* ServiceCategoryCardView.swift */; };
		4AAD03622F6A72AB00E18C05 /* StatusHeaderView.swift in Sources */ = {isa = PBXBuildFile; fileRef = 4A8809F82F6A6E0F00EBEE3D /* StatusHeaderView.swift */; };
		4AAD03632F6A72AB00E18C05 /* Color+Tokens.swift in Sources */ = {isa = PBXBuildFile; fileRef = 4A8809FA2F6A6E0F00EBEE3D /* Color+Tokens.swift */; };
		4AAD03642F6A72AB00E18C05 /* Radius.swift in Sources */ = {isa = PBXBuildFile; fileRef = 4A8809FB2F6A6E0F00EBEE3D /* Radius.swift */; };
		4AAD03652F6A72AB00E18C05 /* Spacing.swift in Sources */ = {isa = PBXBuildFile; fileRef = 4A8809FC2F6A6E0F00EBEE3D /* Spacing.swift */; };
		4AAD03662F6A72AB00E18C05 /* Typography+Tokens.swift in Sources */ = {isa = PBXBuildFile; fileRef = 4A8809FD2F6A6E0F00EBEE3D /* Typography+Tokens.swift */; };
		4AAD03682F6A72AB00E18C05 /* CartView.swift in Sources */ = {isa = PBXBuildFile; fileRef = 4A880A022F6A6E0F00EBEE3D /* CartView.swift */; };
		4AAD03692F6A72AB00E18C05 /* HomeView.swift in Sources */ = {isa = PBXBuildFile; fileRef = 4A880A042F6A6E0F00EBEE3D /* HomeView.swift */; };
		4AAD036A2F6A72AB00E18C05 /* ServiceDetailView.swift in Sources */ = {isa = PBXBuildFile; fileRef = 4A880A052F6A6E0F00EBEE3D /* ServiceDetailView.swift */; };
		4AAD036B2F6A72AB00E18C05 /* ProfileView.swift in Sources */ = {isa = PBXBuildFile; fileRef = 4A880A072F6A6E0F00EBEE3D /* ProfileView.swift */; };
		4AAD036C2F6A72AB00E18C05 /* MockData.swift in Sources */ = {isa = PBXBuildFile; fileRef = 4A880A092F6A6E0F00EBEE3D /* MockData.swift */; };
		4AAD036D2F6A72AB00E18C05 /* Recommendation.swift in Sources */ = {isa = PBXBuildFile; fileRef = 4A880A0B2F6A6E0F00EBEE3D /* Recommendation.swift */; };
		4AAD036E2F6A72AB00E18C05 /* ServiceCategory.swift in Sources */ = {isa = PBXBuildFile; fileRef = 4A880A0C2F6A6E0F00EBEE3D /* ServiceCategory.swift */; };
		4AAD039C2F6A760700E18C05 /* LoginView.swift in Sources */ = {isa = PBXBuildFile; fileRef = 4AAD03852F6A75EA00E18C05 /* LoginView.swift */; };
		4AB987352F6BC45C0083F30E /* Algorithms in Frameworks */ = {isa = PBXBuildFile; productRef = 4AB987342F6BC45C0083F30E /* Algorithms */; };
		4AB987382F6BC61E0083F30E /* FirebaseAnalytics in Frameworks */ = {isa = PBXBuildFile; productRef = 4AB987372F6BC61E0083F30E /* FirebaseAnalytics */; };
		4AB987412F6BC9D80083F30E /* GoogleSignIn in Frameworks */ = {isa = PBXBuildFile; productRef = 4AB987402F6BC9D80083F30E /* GoogleSignIn */; };
		4AB987432F6BC9D80083F30E /* GoogleSignInSwift in Frameworks */ = {isa = PBXBuildFile; productRef = 4AB987422F6BC9D80083F30E /* GoogleSignInSwift */; };
		AA000001000000000000AA01 /* SplashView.swift in Sources */ = {isa = PBXBuildFile; fileRef = AA000001000000000000AA00 /* SplashView.swift */; };
		AA000001000000000000AA02 /* Assets.xcassets in Resources */ = {isa = PBXBuildFile; fileRef = 4A880A112F6A6E0F00EBEE3D /* Assets.xcassets */; };
		AA000002000000000000BB01 /* SelectServicesView.swift in Sources */ = {isa = PBXBuildFile; fileRef = AA000002000000000000BB00 /* SelectServicesView.swift */; };
		AA000003000000000000CC01 /* OrdersView.swift in Sources */ = {isa = PBXBuildFile; fileRef = AA000003000000000000CC00 /* OrdersView.swift */; };
		AA000004000000000000DD01 /* AccountView.swift in Sources */ = {isa = PBXBuildFile; fileRef = AA000004000000000000DD00 /* AccountView.swift */; };
		AA000005000000000000EE01 /* PersonalInfoView.swift in Sources */ = {isa = PBXBuildFile; fileRef = AA000005000000000000EE00 /* PersonalInfoView.swift */; };
		AA000006000000000000FF01 /* ServiceProvider.swift in Sources */ = {isa = PBXBuildFile; fileRef = AA000006000000000000FF00 /* ServiceProvider.swift */; };
		B6F1E0012F6D000100110003 /* StripePaymentSheet in Frameworks */ = {isa = PBXBuildFile; productRef = B6F1E0012F6D000100110002 /* StripePaymentSheet */; };
		BB000001000000000000AA01 /* CartStore.swift in Sources */ = {isa = PBXBuildFile; fileRef = BB000001000000000000AA00 /* CartStore.swift */; };
		BB000002000000000000BB01 /* ProviderDetailView.swift in Sources */ = {isa = PBXBuildFile; fileRef = BB000002000000000000BB00 /* ProviderDetailView.swift */; };
		BB000003000000000000CC01 /* CartCheckoutView.swift in Sources */ = {isa = PBXBuildFile; fileRef = BB000003000000000000CC00 /* CartCheckoutView.swift */; };
		CC000001000000000000AA01 /* ServicesView.swift in Sources */ = {isa = PBXBuildFile; fileRef = CC000001000000000000AA00 /* ServicesView.swift */; };
		CC000002000000000000BB01 /* OrderDetailView.swift in Sources */ = {isa = PBXBuildFile; fileRef = CC000002000000000000BB00 /* OrderDetailView.swift */; };
		DD000001000000000000AA01 /* RoleSelectView.swift in Sources */ = {isa = PBXBuildFile; fileRef = DD000001000000000000AA00 /* RoleSelectView.swift */; };
		EE000001000000000000AA01 /* AuthManager.swift in Sources */ = {isa = PBXBuildFile; fileRef = EE000001000000000000AA00 /* AuthManager.swift */; };
		EE000002000000000000BB01 /* UserProfile.swift in Sources */ = {isa = PBXBuildFile; fileRef = EE000002000000000000BB00 /* UserProfile.swift */; };
		EE000003000000000000CC01 /* UserProfileManager.swift in Sources */ = {isa = PBXBuildFile; fileRef = EE000003000000000000CC00 /* UserProfileManager.swift */; };
		EE000004000000000000DD01 /* APIClient.swift in Sources */ = {isa = PBXBuildFile; fileRef = EE000004000000000000DD00 /* APIClient.swift */; };
		EE000005000000000000EE01 /* MockAPIClient.swift in Sources */ = {isa = PBXBuildFile; fileRef = EE000005000000000000EE00 /* MockAPIClient.swift */; };
		EE000006000000000000FF01 /* FirestoreAPIClient.swift in Sources */ = {isa = PBXBuildFile; fileRef = EE000006000000000000FF00 /* FirestoreAPIClient.swift */; };
		EE000007000000000000A101 /* DataService.swift in Sources */ = {isa = PBXBuildFile; fileRef = EE000007000000000000A100 /* DataService.swift */; };
		EE000008000000000000B101 /* OrderManager.swift in Sources */ = {isa = PBXBuildFile; fileRef = EE000008000000000000B100 /* OrderManager.swift */; };
		EE000009000000000000C101 /* Review.swift in Sources */ = {isa = PBXBuildFile; fileRef = EE000009000000000000C100 /* Review.swift */; };
		FF000001000000000000AA01 /* GoogleService-Info.plist in Resources */ = {isa = PBXBuildFile; fileRef = FF000001000000000000AA00 /* GoogleService-Info.plist */; };
		PP000001000000000000AA01 /* ProviderHomeView.swift in Sources */ = {isa = PBXBuildFile; fileRef = PP000001000000000000AA00 /* ProviderHomeView.swift */; };
		PP000002000000000000BB01 /* ProviderScheduleView.swift in Sources */ = {isa = PBXBuildFile; fileRef = PP000002000000000000BB00 /* ProviderScheduleView.swift */; };
		PP000003000000000000CC01 /* ProviderAccountView.swift in Sources */ = {isa = PBXBuildFile; fileRef = PP000003000000000000CC00 /* ProviderAccountView.swift */; };
		PP000004000000000000DD01 /* ProviderServicesView.swift in Sources */ = {isa = PBXBuildFile; fileRef = PP000004000000000000DD00 /* ProviderServicesView.swift */; };
		PPAY000010000000000000AA01 /* StripeConfig.swift in Sources */ = {isa = PBXBuildFile; fileRef = PPAY000010000000000000AA00 /* StripeConfig.swift */; };
		PPAY000010000000000000BB01 /* CheckoutPaymentCoordinator.swift in Sources */ = {isa = PBXBuildFile; fileRef = PPAY000010000000000000BB00 /* CheckoutPaymentCoordinator.swift */; };
		NOTIF00001000000000000AA01 /* NotificationManager.swift in Sources */ = {isa = PBXBuildFile; fileRef = NOTIF00001000000000000AA00 /* NotificationManager.swift */; };
		FAV0000100000000000001AA01 /* FavoritesStore.swift in Sources */ = {isa = PBXBuildFile; fileRef = FAV0000100000000000001AA00 /* FavoritesStore.swift */; };
		FAV0000200000000000002AA01 /* FavoritesView.swift in Sources */ = {isa = PBXBuildFile; fileRef = FAV0000200000000000002AA00 /* FavoritesView.swift */; };
		FAV0000300000000000003AA01 /* WalletView.swift in Sources */ = {isa = PBXBuildFile; fileRef = FAV0000300000000000003AA00 /* WalletView.swift */; };
		REV0000100000000000001AA01 /* ReviewSheet.swift in Sources */ = {isa = PBXBuildFile; fileRef = REV0000100000000000001AA00 /* ReviewSheet.swift */; };
		POB0000100000000000001AA01 /* ProviderProfile.swift in Sources */ = {isa = PBXBuildFile; fileRef = POB0000100000000000001AA00 /* ProviderProfile.swift */; };
		POB0000200000000000002AA01 /* ProviderProfileManager.swift in Sources */ = {isa = PBXBuildFile; fileRef = POB0000200000000000002AA00 /* ProviderProfileManager.swift */; };
		POB0000210000000000002AA01 /* ProviderProfilePhotoStorage.swift in Sources */ = {isa = PBXBuildFile; fileRef = POB0000210000000000002AA00 /* ProviderProfilePhotoStorage.swift */; };
		POB0000300000000000003AA01 /* ProviderOnboardingView.swift in Sources */ = {isa = PBXBuildFile; fileRef = POB0000300000000000003AA00 /* ProviderOnboardingView.swift */; };
		POB0000400000000000004AA01 /* ProviderPublicProfileView.swift in Sources */ = {isa = PBXBuildFile; fileRef = POB0000400000000000004AA00 /* ProviderPublicProfileView.swift */; };
		LOC0000100000000000001AA01 /* LocationManager.swift in Sources */ = {isa = PBXBuildFile; fileRef = LOC0000100000000000001AA00 /* LocationManager.swift */; };
		LOC0000200000000000002AA01 /* ProviderTrackingCard.swift in Sources */ = {isa = PBXBuildFile; fileRef = LOC0000200000000000002AA00 /* ProviderTrackingCard.swift */; };
		PRM0000100000000000001BB01 /* PromoCode.swift in Sources */ = {isa = PBXBuildFile; fileRef = PRM0000100000000000001BB00 /* PromoCode.swift */; };
		PRM0000200000000000002BB01 /* PromoCodeService.swift in Sources */ = {isa = PBXBuildFile; fileRef = PRM0000200000000000002BB00 /* PromoCodeService.swift */; };
		CHT0000100000000000001BB01 /* ChatMessage.swift in Sources */ = {isa = PBXBuildFile; fileRef = CHT0000100000000000001BB00 /* ChatMessage.swift */; };
		CHT0000200000000000002BB01 /* ChatManager.swift in Sources */ = {isa = PBXBuildFile; fileRef = CHT0000200000000000002BB00 /* ChatManager.swift */; };
		CHT0000300000000000003BB01 /* ChatView.swift in Sources */ = {isa = PBXBuildFile; fileRef = CHT0000300000000000003BB00 /* ChatView.swift */; };
		REF0000100000000000001BB01 /* ReferralView.swift in Sources */ = {isa = PBXBuildFile; fileRef = REF0000100000000000001BB00 /* ReferralView.swift */; };
		ANL0000100000000000001CC01 /* AnalyticsManager.swift in Sources */ = {isa = PBXBuildFile; fileRef = ANL0000100000000000001CC00 /* AnalyticsManager.swift */; };
		SHM0000100000000000001DD01 /* ShimmerView.swift in Sources */ = {isa = PBXBuildFile; fileRef = SHM0000100000000000001DD00 /* ShimmerView.swift */; };
		EMP0000100000000000001DD01 /* EmptyStateView.swift in Sources */ = {isa = PBXBuildFile; fileRef = EMP0000100000000000001DD00 /* EmptyStateView.swift */; };
		ONB0000100000000000001DD01 /* OnboardingView.swift in Sources */ = {isa = PBXBuildFile; fileRef = ONB0000100000000000001DD00 /* OnboardingView.swift */; };
		PRV0000100000000000001EE01 /* PrivacyInfo.xcprivacy in Resources */ = {isa = PBXBuildFile; fileRef = PRV0000100000000000001EE00 /* PrivacyInfo.xcprivacy */; };
		DLR0000100000000000001FF01 /* DeepLinkRouter.swift in Sources */ = {isa = PBXBuildFile; fileRef = DLR0000100000000000001FF00 /* DeepLinkRouter.swift */; };
		NWM0000100000000000001FF01 /* NetworkMonitor.swift in Sources */ = {isa = PBXBuildFile; fileRef = NWM0000100000000000001FF00 /* NetworkMonitor.swift */; };
		RTQ0000100000000000001FF01 /* RetryQueue.swift in Sources */ = {isa = PBXBuildFile; fileRef = RTQ0000100000000000001FF00 /* RetryQueue.swift */; };
		GEO0000100000000000001FF01 /* GeoSortService.swift in Sources */ = {isa = PBXBuildFile; fileRef = GEO0000100000000000001FF00 /* GeoSortService.swift */; };
		MAP0000100000000000001FF01 /* NearbyProvidersMapView.swift in Sources */ = {isa = PBXBuildFile; fileRef = MAP0000100000000000001FF00 /* NearbyProvidersMapView.swift */; };
		SAN0000100000000000002FF01 /* InputSanitizer.swift in Sources */ = {isa = PBXBuildFile; fileRef = SAN0000100000000000002FF00 /* InputSanitizer.swift */; };
		TST0000100000000000001AA01 /* InputSanitizerTests.swift in Sources */ = {isa = PBXBuildFile; fileRef = TST0000100000000000001AA00 /* InputSanitizerTests.swift */; };
		TST0000200000000000002AA01 /* GeoSortServiceTests.swift in Sources */ = {isa = PBXBuildFile; fileRef = TST0000200000000000002AA00 /* GeoSortServiceTests.swift */; };
		TST0000300000000000003AA01 /* DeepLinkRouterTests.swift in Sources */ = {isa = PBXBuildFile; fileRef = TST0000300000000000003AA00 /* DeepLinkRouterTests.swift */; };
		TST0000400000000000004AA01 /* PromoCodeTests.swift in Sources */ = {isa = PBXBuildFile; fileRef = TST0000400000000000004AA00 /* PromoCodeTests.swift */; };
		SCN0000100000000000001BB01 /* StripeConnectService.swift in Sources */ = {isa = PBXBuildFile; fileRef = SCN0000100000000000001BB00 /* StripeConnectService.swift */; };
		PPV0000100000000000001BB01 /* ProviderPayoutView.swift in Sources */ = {isa = PBXBuildFile; fileRef = PPV0000100000000000001BB00 /* ProviderPayoutView.swift */; };
		DSP0000100000000000001CC01 /* Dispute.swift in Sources */ = {isa = PBXBuildFile; fileRef = DSP0000100000000000001CC00 /* Dispute.swift */; };
		DSP0000200000000000002CC01 /* DisputeService.swift in Sources */ = {isa = PBXBuildFile; fileRef = DSP0000200000000000002CC00 /* DisputeService.swift */; };
		DSP0000300000000000003CC01 /* DisputeView.swift in Sources */ = {isa = PBXBuildFile; fileRef = DSP0000300000000000003CC00 /* DisputeView.swift */; };
		NTF0000100000000000001AA01 /* InAppNotificationItem.swift in Sources */ = {isa = PBXBuildFile; fileRef = NTF0000100000000000001AA00 /* InAppNotificationItem.swift */; };
		NTF0000200000000000002AA01 /* NotificationFeedStore.swift in Sources */ = {isa = PBXBuildFile; fileRef = NTF0000200000000000002AA00 /* NotificationFeedStore.swift */; };
		NTF0000300000000000003AA01 /* NotificationCenterView.swift in Sources */ = {isa = PBXBuildFile; fileRef = NTF0000300000000000003AA00 /* NotificationCenterView.swift */; };
/* End PBXBuildFile section */

/* Begin PBXFileReference section */
		4A1E568F2F6F738100B9F8BD /* SwifterX-Info.plist */ = {isa = PBXFileReference; lastKnownFileType = text.plist; path = "SwifterX-Info.plist"; sourceTree = "<group>"; };
		4A8809EF2F6A6E0F00EBEE3D /* AppRootView.swift */ = {isa = PBXFileReference; lastKnownFileType = sourcecode.swift; path = AppRootView.swift; sourceTree = "<group>"; };
		4A8809F02F6A6E0F00EBEE3D /* AppTab.swift */ = {isa = PBXFileReference; lastKnownFileType = sourcecode.swift; path = AppTab.swift; sourceTree = "<group>"; };
		4A8809F12F6A6E0F00EBEE3D /* SwifterXApp.swift */ = {isa = PBXFileReference; lastKnownFileType = sourcecode.swift; path = SwifterXApp.swift; sourceTree = "<group>"; };
		4A8809F32F6A6E0F00EBEE3D /* BottomTabItemView.swift */ = {isa = PBXFileReference; lastKnownFileType = sourcecode.swift; path = BottomTabItemView.swift; sourceTree = "<group>"; };
		4A8809F42F6A6E0F00EBEE3D /* PrimaryButton.swift */ = {isa = PBXFileReference; lastKnownFileType = sourcecode.swift; path = PrimaryButton.swift; sourceTree = "<group>"; };
		4A8809F52F6A6E0F00EBEE3D /* RecommendationCardView.swift */ = {isa = PBXFileReference; lastKnownFileType = sourcecode.swift; path = RecommendationCardView.swift; sourceTree = "<group>"; };
		4A8809F62F6A6E0F00EBEE3D /* SearchFieldView.swift */ = {isa = PBXFileReference; lastKnownFileType = sourcecode.swift; path = SearchFieldView.swift; sourceTree = "<group>"; };
		4A8809F72F6A6E0F00EBEE3D /* ServiceCategoryCardView.swift */ = {isa = PBXFileReference; lastKnownFileType = sourcecode.swift; path = ServiceCategoryCardView.swift; sourceTree = "<group>"; };
		4A8809F82F6A6E0F00EBEE3D /* StatusHeaderView.swift */ = {isa = PBXFileReference; lastKnownFileType = sourcecode.swift; path = StatusHeaderView.swift; sourceTree = "<group>"; };
		4A8809FA2F6A6E0F00EBEE3D /* Color+Tokens.swift */ = {isa = PBXFileReference; lastKnownFileType = sourcecode.swift; path = "Color+Tokens.swift"; sourceTree = "<group>"; };
		4A8809FB2F6A6E0F00EBEE3D /* Radius.swift */ = {isa = PBXFileReference; lastKnownFileType = sourcecode.swift; path = Radius.swift; sourceTree = "<group>"; };
		4A8809FC2F6A6E0F00EBEE3D /* Spacing.swift */ = {isa = PBXFileReference; lastKnownFileType = sourcecode.swift; path = Spacing.swift; sourceTree = "<group>"; };
		4A8809FD2F6A6E0F00EBEE3D /* Typography+Tokens.swift */ = {isa = PBXFileReference; lastKnownFileType = sourcecode.swift; path = "Typography+Tokens.swift"; sourceTree = "<group>"; };
		4A880A002F6A6E0F00EBEE3D /* PrototypeValidation.md */ = {isa = PBXFileReference; lastKnownFileType = net.daringfireball.markdown; path = PrototypeValidation.md; sourceTree = "<group>"; };
		4A880A022F6A6E0F00EBEE3D /* CartView.swift */ = {isa = PBXFileReference; lastKnownFileType = sourcecode.swift; path = CartView.swift; sourceTree = "<group>"; };
		4A880A042F6A6E0F00EBEE3D /* HomeView.swift */ = {isa = PBXFileReference; lastKnownFileType = sourcecode.swift; path = HomeView.swift; sourceTree = "<group>"; };
		4A880A052F6A6E0F00EBEE3D /* ServiceDetailView.swift */ = {isa = PBXFileReference; lastKnownFileType = sourcecode.swift; path = ServiceDetailView.swift; sourceTree = "<group>"; };
		4A880A072F6A6E0F00EBEE3D /* ProfileView.swift */ = {isa = PBXFileReference; lastKnownFileType = sourcecode.swift; path = ProfileView.swift; sourceTree = "<group>"; };
		4A880A092F6A6E0F00EBEE3D /* MockData.swift */ = {isa = PBXFileReference; lastKnownFileType = sourcecode.swift; path = MockData.swift; sourceTree = "<group>"; };
		4A880A0B2F6A6E0F00EBEE3D /* Recommendation.swift */ = {isa = PBXFileReference; lastKnownFileType = sourcecode.swift; path = Recommendation.swift; sourceTree = "<group>"; };
		4A880A0C2F6A6E0F00EBEE3D /* ServiceCategory.swift */ = {isa = PBXFileReference; lastKnownFileType = sourcecode.swift; path = ServiceCategory.swift; sourceTree = "<group>"; };
		4A880A102F6A6E0F00EBEE3D /* README.md */ = {isa = PBXFileReference; lastKnownFileType = net.daringfireball.markdown; path = README.md; sourceTree = "<group>"; };
		4A880A112F6A6E0F00EBEE3D /* Assets.xcassets */ = {isa = PBXFileReference; lastKnownFileType = folder.assetcatalog; path = Assets.xcassets; sourceTree = "<group>"; };
		4AAD03722F6A75EA00E18C05 /* AppRootView.swift */ = {isa = PBXFileReference; lastKnownFileType = sourcecode.swift; path = AppRootView.swift; sourceTree = "<group>"; };
		4AAD03732F6A75EA00E18C05 /* AppTab.swift */ = {isa = PBXFileReference; lastKnownFileType = sourcecode.swift; path = AppTab.swift; sourceTree = "<group>"; };
		4AAD03742F6A75EA00E18C05 /* SwifterXApp.swift */ = {isa = PBXFileReference; lastKnownFileType = sourcecode.swift; path = SwifterXApp.swift; sourceTree = "<group>"; };
		4AAD03762F6A75EA00E18C05 /* BottomTabItemView.swift */ = {isa = PBXFileReference; lastKnownFileType = sourcecode.swift; path = BottomTabItemView.swift; sourceTree = "<group>"; };
		4AAD03772F6A75EA00E18C05 /* PrimaryButton.swift */ = {isa = PBXFileReference; lastKnownFileType = sourcecode.swift; path = PrimaryButton.swift; sourceTree = "<group>"; };
		4AAD03782F6A75EA00E18C05 /* RecommendationCardView.swift */ = {isa = PBXFileReference; lastKnownFileType = sourcecode.swift; path = RecommendationCardView.swift; sourceTree = "<group>"; };
		4AAD03792F6A75EA00E18C05 /* SearchFieldView.swift */ = {isa = PBXFileReference; lastKnownFileType = sourcecode.swift; path = SearchFieldView.swift; sourceTree = "<group>"; };
		4AAD037A2F6A75EA00E18C05 /* ServiceCategoryCardView.swift */ = {isa = PBXFileReference; lastKnownFileType = sourcecode.swift; path = ServiceCategoryCardView.swift; sourceTree = "<group>"; };
		4AAD037B2F6A75EA00E18C05 /* StatusHeaderView.swift */ = {isa = PBXFileReference; lastKnownFileType = sourcecode.swift; path = StatusHeaderView.swift; sourceTree = "<group>"; };
		4AAD037D2F6A75EA00E18C05 /* Color+Tokens.swift */ = {isa = PBXFileReference; lastKnownFileType = sourcecode.swift; path = "Color+Tokens.swift"; sourceTree = "<group>"; };
		4AAD037E2F6A75EA00E18C05 /* Radius.swift */ = {isa = PBXFileReference; lastKnownFileType = sourcecode.swift; path = Radius.swift; sourceTree = "<group>"; };
		4AAD037F2F6A75EA00E18C05 /* Spacing.swift */ = {isa = PBXFileReference; lastKnownFileType = sourcecode.swift; path = Spacing.swift; sourceTree = "<group>"; };
		4AAD03802F6A75EA00E18C05 /* Typography+Tokens.swift */ = {isa = PBXFileReference; lastKnownFileType = sourcecode.swift; path = "Typography+Tokens.swift"; sourceTree = "<group>"; };
		4AAD03832F6A75EA00E18C05 /* PrototypeValidation.md */ = {isa = PBXFileReference; lastKnownFileType = net.daringfireball.markdown; path = PrototypeValidation.md; sourceTree = "<group>"; };
		4AAD03852F6A75EA00E18C05 /* LoginView.swift */ = {isa = PBXFileReference; lastKnownFileType = sourcecode.swift; path = LoginView.swift; sourceTree = "<group>"; };
		4AAD03872F6A75EA00E18C05 /* CartView.swift */ = {isa = PBXFileReference; lastKnownFileType = sourcecode.swift; path = CartView.swift; sourceTree = "<group>"; };
		4AAD03892F6A75EA00E18C05 /* HomeView.swift */ = {isa = PBXFileReference; lastKnownFileType = sourcecode.swift; path = HomeView.swift; sourceTree = "<group>"; };
		4AAD038A2F6A75EA00E18C05 /* ServiceDetailView.swift */ = {isa = PBXFileReference; lastKnownFileType = sourcecode.swift; path = ServiceDetailView.swift; sourceTree = "<group>"; };
		4AAD038C2F6A75EA00E18C05 /* ProfileView.swift */ = {isa = PBXFileReference; lastKnownFileType = sourcecode.swift; path = ProfileView.swift; sourceTree = "<group>"; };
		4AAD038E2F6A75EA00E18C05 /* MockData.swift */ = {isa = PBXFileReference; lastKnownFileType = sourcecode.swift; path = MockData.swift; sourceTree = "<group>"; };
		4AAD03902F6A75EA00E18C05 /* Recommendation.swift */ = {isa = PBXFileReference; lastKnownFileType = sourcecode.swift; path = Recommendation.swift; sourceTree = "<group>"; };
		4AAD03912F6A75EA00E18C05 /* ServiceCategory.swift */ = {isa = PBXFileReference; lastKnownFileType = sourcecode.swift; path = ServiceCategory.swift; sourceTree = "<group>"; };
		4AAD03952F6A75EA00E18C05 /* Assets.xcassets */ = {isa = PBXFileReference; lastKnownFileType = folder.assetcatalog; path = Assets.xcassets; sourceTree = "<group>"; };
		4AAD03972F6A75EA00E18C05 /* README.md */ = {isa = PBXFileReference; lastKnownFileType = net.daringfireball.markdown; path = README.md; sourceTree = "<group>"; };
		4AAD03982F6A75EA00E18C05 /* SwifterX.xcodeproj */ = {isa = PBXFileReference; lastKnownFileType = "wrapper.pb-project"; path = SwifterX.xcodeproj; sourceTree = "<group>"; };
		AA000001000000000000AA00 /* SplashView.swift */ = {isa = PBXFileReference; lastKnownFileType = sourcecode.swift; path = SplashView.swift; sourceTree = "<group>"; };
		AA000002000000000000BB00 /* SelectServicesView.swift */ = {isa = PBXFileReference; lastKnownFileType = sourcecode.swift; path = SelectServicesView.swift; sourceTree = "<group>"; };
		AA000003000000000000CC00 /* OrdersView.swift */ = {isa = PBXFileReference; lastKnownFileType = sourcecode.swift; path = OrdersView.swift; sourceTree = "<group>"; };
		AA000004000000000000DD00 /* AccountView.swift */ = {isa = PBXFileReference; lastKnownFileType = sourcecode.swift; path = AccountView.swift; sourceTree = "<group>"; };
		AA000005000000000000EE00 /* PersonalInfoView.swift */ = {isa = PBXFileReference; lastKnownFileType = sourcecode.swift; path = PersonalInfoView.swift; sourceTree = "<group>"; };
		AA000006000000000000FF00 /* ServiceProvider.swift */ = {isa = PBXFileReference; lastKnownFileType = sourcecode.swift; path = ServiceProvider.swift; sourceTree = "<group>"; };
		B00000000000000000000041 /* SwifterX.app */ = {isa = PBXFileReference; explicitFileType = wrapper.application; includeInIndex = 0; path = SwifterX.app; sourceTree = BUILT_PRODUCTS_DIR; };
		BB000001000000000000AA00 /* CartStore.swift */ = {isa = PBXFileReference; lastKnownFileType = sourcecode.swift; path = CartStore.swift; sourceTree = "<group>"; };
		BB000002000000000000BB00 /* ProviderDetailView.swift */ = {isa = PBXFileReference; lastKnownFileType = sourcecode.swift; path = ProviderDetailView.swift; sourceTree = "<group>"; };
		BB000003000000000000CC00 /* CartCheckoutView.swift */ = {isa = PBXFileReference; lastKnownFileType = sourcecode.swift; path = CartCheckoutView.swift; sourceTree = "<group>"; };
		CC000001000000000000AA00 /* ServicesView.swift */ = {isa = PBXFileReference; lastKnownFileType = sourcecode.swift; path = ServicesView.swift; sourceTree = "<group>"; };
		CC000002000000000000BB00 /* OrderDetailView.swift */ = {isa = PBXFileReference; lastKnownFileType = sourcecode.swift; path = OrderDetailView.swift; sourceTree = "<group>"; };
		DD000001000000000000AA00 /* RoleSelectView.swift */ = {isa = PBXFileReference; lastKnownFileType = sourcecode.swift; path = RoleSelectView.swift; sourceTree = "<group>"; };
		EE000001000000000000AA00 /* AuthManager.swift */ = {isa = PBXFileReference; lastKnownFileType = sourcecode.swift; path = AuthManager.swift; sourceTree = "<group>"; };
		EE000002000000000000BB00 /* UserProfile.swift */ = {isa = PBXFileReference; lastKnownFileType = sourcecode.swift; path = UserProfile.swift; sourceTree = "<group>"; };
		EE000003000000000000CC00 /* UserProfileManager.swift */ = {isa = PBXFileReference; lastKnownFileType = sourcecode.swift; path = UserProfileManager.swift; sourceTree = "<group>"; };
		EE000004000000000000DD00 /* APIClient.swift */ = {isa = PBXFileReference; lastKnownFileType = sourcecode.swift; path = APIClient.swift; sourceTree = "<group>"; };
		EE000005000000000000EE00 /* MockAPIClient.swift */ = {isa = PBXFileReference; lastKnownFileType = sourcecode.swift; path = MockAPIClient.swift; sourceTree = "<group>"; };
		EE000006000000000000FF00 /* FirestoreAPIClient.swift */ = {isa = PBXFileReference; lastKnownFileType = sourcecode.swift; path = FirestoreAPIClient.swift; sourceTree = "<group>"; };
		EE000007000000000000A100 /* DataService.swift */ = {isa = PBXFileReference; lastKnownFileType = sourcecode.swift; path = DataService.swift; sourceTree = "<group>"; };
		EE000008000000000000B100 /* OrderManager.swift */ = {isa = PBXFileReference; lastKnownFileType = sourcecode.swift; path = OrderManager.swift; sourceTree = "<group>"; };
		EE000009000000000000C100 /* Review.swift */ = {isa = PBXFileReference; lastKnownFileType = sourcecode.swift; path = Review.swift; sourceTree = "<group>"; };
		FF000001000000000000AA00 /* GoogleService-Info.plist */ = {isa = PBXFileReference; lastKnownFileType = text.plist.xml; path = "GoogleService-Info.plist"; sourceTree = "<group>"; };
		CFG0000100000000000001CC00 /* Shared.xcconfig */ = {isa = PBXFileReference; lastKnownFileType = text.xcconfig; path = Shared.xcconfig; sourceTree = "<group>"; };
		PP000001000000000000AA00 /* ProviderHomeView.swift */ = {isa = PBXFileReference; lastKnownFileType = sourcecode.swift; path = ProviderHomeView.swift; sourceTree = "<group>"; };
		PP000002000000000000BB00 /* ProviderScheduleView.swift */ = {isa = PBXFileReference; lastKnownFileType = sourcecode.swift; path = ProviderScheduleView.swift; sourceTree = "<group>"; };
		PP000003000000000000CC00 /* ProviderAccountView.swift */ = {isa = PBXFileReference; lastKnownFileType = sourcecode.swift; path = ProviderAccountView.swift; sourceTree = "<group>"; };
		PP000004000000000000DD00 /* ProviderServicesView.swift */ = {isa = PBXFileReference; lastKnownFileType = sourcecode.swift; path = ProviderServicesView.swift; sourceTree = "<group>"; };
		PPAY000010000000000000AA00 /* StripeConfig.swift */ = {isa = PBXFileReference; lastKnownFileType = sourcecode.swift; path = StripeConfig.swift; sourceTree = "<group>"; };
		PPAY000010000000000000BB00 /* CheckoutPaymentCoordinator.swift */ = {isa = PBXFileReference; lastKnownFileType = sourcecode.swift; path = CheckoutPaymentCoordinator.swift; sourceTree = "<group>"; };
		NOTIF00001000000000000AA00 /* NotificationManager.swift */ = {isa = PBXFileReference; lastKnownFileType = sourcecode.swift; path = NotificationManager.swift; sourceTree = "<group>"; };
		ENTL000010000000000000AA00 /* SwifterX.entitlements */ = {isa = PBXFileReference; lastKnownFileType = text.plist.entitlements; path = "SwifterX.entitlements"; sourceTree = "<group>"; };
		FAV0000100000000000001AA00 /* FavoritesStore.swift */ = {isa = PBXFileReference; lastKnownFileType = sourcecode.swift; path = FavoritesStore.swift; sourceTree = "<group>"; };
		FAV0000200000000000002AA00 /* FavoritesView.swift */ = {isa = PBXFileReference; lastKnownFileType = sourcecode.swift; path = FavoritesView.swift; sourceTree = "<group>"; };
		FAV0000300000000000003AA00 /* WalletView.swift */ = {isa = PBXFileReference; lastKnownFileType = sourcecode.swift; path = WalletView.swift; sourceTree = "<group>"; };
		REV0000100000000000001AA00 /* ReviewSheet.swift */ = {isa = PBXFileReference; lastKnownFileType = sourcecode.swift; path = ReviewSheet.swift; sourceTree = "<group>"; };
		POB0000100000000000001AA00 /* ProviderProfile.swift */ = {isa = PBXFileReference; lastKnownFileType = sourcecode.swift; path = ProviderProfile.swift; sourceTree = "<group>"; };
		POB0000200000000000002AA00 /* ProviderProfileManager.swift */ = {isa = PBXFileReference; lastKnownFileType = sourcecode.swift; path = ProviderProfileManager.swift; sourceTree = "<group>"; };
		POB0000210000000000002AA00 /* ProviderProfilePhotoStorage.swift */ = {isa = PBXFileReference; lastKnownFileType = sourcecode.swift; path = ProviderProfilePhotoStorage.swift; sourceTree = "<group>"; };
		POB0000300000000000003AA00 /* ProviderOnboardingView.swift */ = {isa = PBXFileReference; lastKnownFileType = sourcecode.swift; path = Onboarding/ProviderOnboardingView.swift; sourceTree = "<group>"; };
		POB0000400000000000004AA00 /* ProviderPublicProfileView.swift */ = {isa = PBXFileReference; lastKnownFileType = sourcecode.swift; path = ProviderPublicProfileView.swift; sourceTree = "<group>"; };
		LOC0000100000000000001AA00 /* LocationManager.swift */ = {isa = PBXFileReference; lastKnownFileType = sourcecode.swift; path = LocationManager.swift; sourceTree = "<group>"; };
		LOC0000200000000000002AA00 /* ProviderTrackingCard.swift */ = {isa = PBXFileReference; lastKnownFileType = sourcecode.swift; path = ProviderTrackingCard.swift; sourceTree = "<group>"; };
		PRM0000100000000000001BB00 /* PromoCode.swift */ = {isa = PBXFileReference; lastKnownFileType = sourcecode.swift; path = PromoCode.swift; sourceTree = "<group>"; };
		PRM0000200000000000002BB00 /* PromoCodeService.swift */ = {isa = PBXFileReference; lastKnownFileType = sourcecode.swift; path = PromoCodeService.swift; sourceTree = "<group>"; };
		CHT0000100000000000001BB00 /* ChatMessage.swift */ = {isa = PBXFileReference; lastKnownFileType = sourcecode.swift; path = ChatMessage.swift; sourceTree = "<group>"; };
		CHT0000200000000000002BB00 /* ChatManager.swift */ = {isa = PBXFileReference; lastKnownFileType = sourcecode.swift; path = ChatManager.swift; sourceTree = "<group>"; };
		CHT0000300000000000003BB00 /* ChatView.swift */ = {isa = PBXFileReference; lastKnownFileType = sourcecode.swift; path = ChatView.swift; sourceTree = "<group>"; };
		REF0000100000000000001BB00 /* ReferralView.swift */ = {isa = PBXFileReference; lastKnownFileType = sourcecode.swift; path = ReferralView.swift; sourceTree = "<group>"; };
		ANL0000100000000000001CC00 /* AnalyticsManager.swift */ = {isa = PBXFileReference; lastKnownFileType = sourcecode.swift; path = AnalyticsManager.swift; sourceTree = "<group>"; };
		SHM0000100000000000001DD00 /* ShimmerView.swift */ = {isa = PBXFileReference; lastKnownFileType = sourcecode.swift; path = ShimmerView.swift; sourceTree = "<group>"; };
		EMP0000100000000000001DD00 /* EmptyStateView.swift */ = {isa = PBXFileReference; lastKnownFileType = sourcecode.swift; path = EmptyStateView.swift; sourceTree = "<group>"; };
		ONB0000100000000000001DD00 /* OnboardingView.swift */ = {isa = PBXFileReference; lastKnownFileType = sourcecode.swift; path = OnboardingView.swift; sourceTree = "<group>"; };
		PRV0000100000000000001EE00 /* PrivacyInfo.xcprivacy */ = {isa = PBXFileReference; lastKnownFileType = "text.xml"; path = PrivacyInfo.xcprivacy; sourceTree = "<group>"; };
		DLR0000100000000000001FF00 /* DeepLinkRouter.swift */ = {isa = PBXFileReference; lastKnownFileType = sourcecode.swift; path = DeepLinkRouter.swift; sourceTree = "<group>"; };
		NWM0000100000000000001FF00 /* NetworkMonitor.swift */ = {isa = PBXFileReference; lastKnownFileType = sourcecode.swift; path = NetworkMonitor.swift; sourceTree = "<group>"; };
		RTQ0000100000000000001FF00 /* RetryQueue.swift */ = {isa = PBXFileReference; lastKnownFileType = sourcecode.swift; path = RetryQueue.swift; sourceTree = "<group>"; };
		GEO0000100000000000001FF00 /* GeoSortService.swift */ = {isa = PBXFileReference; lastKnownFileType = sourcecode.swift; path = GeoSortService.swift; sourceTree = "<group>"; };
		MAP0000100000000000001FF00 /* NearbyProvidersMapView.swift */ = {isa = PBXFileReference; lastKnownFileType = sourcecode.swift; path = NearbyProvidersMapView.swift; sourceTree = "<group>"; };
		SAN0000100000000000002FF00 /* InputSanitizer.swift */ = {isa = PBXFileReference; lastKnownFileType = sourcecode.swift; path = InputSanitizer.swift; sourceTree = "<group>"; };
		TST0000100000000000001AA00 /* InputSanitizerTests.swift */ = {isa = PBXFileReference; lastKnownFileType = sourcecode.swift; path = InputSanitizerTests.swift; sourceTree = "<group>"; };
		TST0000200000000000002AA00 /* GeoSortServiceTests.swift */ = {isa = PBXFileReference; lastKnownFileType = sourcecode.swift; path = GeoSortServiceTests.swift; sourceTree = "<group>"; };
		TST0000300000000000003AA00 /* DeepLinkRouterTests.swift */ = {isa = PBXFileReference; lastKnownFileType = sourcecode.swift; path = DeepLinkRouterTests.swift; sourceTree = "<group>"; };
		TST0000400000000000004AA00 /* PromoCodeTests.swift */ = {isa = PBXFileReference; lastKnownFileType = sourcecode.swift; path = PromoCodeTests.swift; sourceTree = "<group>"; };
		TST0000500000000000005AA00 /* SwifterXTests.app */ = {isa = PBXFileReference; explicitFileType = wrapper.cfbundle; includeInIndex = 0; path = SwifterXTests.xctest; sourceTree = BUILT_PRODUCTS_DIR; };
		SCN0000100000000000001BB00 /* StripeConnectService.swift */ = {isa = PBXFileReference; lastKnownFileType = sourcecode.swift; path = StripeConnectService.swift; sourceTree = "<group>"; };
		PPV0000100000000000001BB00 /* ProviderPayoutView.swift */ = {isa = PBXFileReference; lastKnownFileType = sourcecode.swift; path = ProviderPayoutView.swift; sourceTree = "<group>"; };
		DSP0000100000000000001CC00 /* Dispute.swift */ = {isa = PBXFileReference; lastKnownFileType = sourcecode.swift; path = Dispute.swift; sourceTree = "<group>"; };
		DSP0000200000000000002CC00 /* DisputeService.swift */ = {isa = PBXFileReference; lastKnownFileType = sourcecode.swift; path = DisputeService.swift; sourceTree = "<group>"; };
		DSP0000300000000000003CC00 /* DisputeView.swift */ = {isa = PBXFileReference; lastKnownFileType = sourcecode.swift; path = DisputeView.swift; sourceTree = "<group>"; };
		NTF0000100000000000001AA00 /* InAppNotificationItem.swift */ = {isa = PBXFileReference; lastKnownFileType = sourcecode.swift; path = InAppNotificationItem.swift; sourceTree = "<group>"; };
		NTF0000200000000000002AA00 /* NotificationFeedStore.swift */ = {isa = PBXFileReference; lastKnownFileType = sourcecode.swift; path = NotificationFeedStore.swift; sourceTree = "<group>"; };
		NTF0000300000000000003AA00 /* NotificationCenterView.swift */ = {isa = PBXFileReference; lastKnownFileType = sourcecode.swift; path = NotificationCenterView.swift; sourceTree = "<group>"; };
/* End PBXFileReference section */

/* Begin PBXFrameworksBuildPhase section */
		B00000000000000000000033 /* Frameworks */ = {
			isa = PBXFrameworksBuildPhase;
			buildActionMask = 2147483647;
			files = (
				4A302EA02F6BCF850097FBCA /* FirebasePerformance in Frameworks */,
				4A302EA22F6BCF850097FBCA /* FirebaseRemoteConfig in Frameworks */,
				4AB987382F6BC61E0083F30E /* FirebaseAnalytics in Frameworks */,
				4A302E9A2F6BCF850097FBCA /* FirebaseInstallations in Frameworks */,
				4A302E842F6BCF850097FBCA /* FirebaseAppDistribution-Beta in Frameworks */,
				4A302E902F6BCF850097FBCA /* FirebaseFirestore in Frameworks */,
				4A302E882F6BCF850097FBCA /* FirebaseAuthCombine-Community in Frameworks */,
				4A302E9C2F6BCF850097FBCA /* FirebaseMessaging in Frameworks */,
				4A302E742F6BCEFB0097FBCA /* FirebaseAuth in Frameworks */,
				4A302EA42F6BCF850097FBCA /* FirebaseStorage in Frameworks */,
				4A302E8E2F6BCF850097FBCA /* FirebaseDatabase in Frameworks */,
				4A302E8A2F6BCF850097FBCA /* FirebaseCore in Frameworks */,
				4A302E9E2F6BCF850097FBCA /* FirebaseMLModelDownloader in Frameworks */,
				4A302E962F6BCF850097FBCA /* FirebaseFunctionsCombine-Community in Frameworks */,
				4A302E982F6BCF850097FBCA /* FirebaseInAppMessaging-Beta in Frameworks */,
				4A302E862F6BCF850097FBCA /* FirebaseAuth in Frameworks */,
				4A302E822F6BCF850097FBCA /* FirebaseAppCheck in Frameworks */,
				4AB987352F6BC45C0083F30E /* Algorithms in Frameworks */,
				4AB987412F6BC9D80083F30E /* GoogleSignIn in Frameworks */,
				4A302E922F6BCF850097FBCA /* FirebaseFirestoreCombine-Community in Frameworks */,
				4A302EA62F6BCF850097FBCA /* FirebaseStorageCombine-Community in Frameworks */,
				4AB987432F6BC9D80083F30E /* GoogleSignInSwift in Frameworks */,
				B6F1E0012F6D000100110003 /* StripePaymentSheet in Frameworks */,
				4A302E942F6BCF850097FBCA /* FirebaseFunctions in Frameworks */,
				4A302E7E2F6BCF850097FBCA /* FirebaseAnalyticsCore in Frameworks */,
				4A302E8C2F6BCF850097FBCA /* FirebaseCrashlytics in Frameworks */,
				4A302E802F6BCF850097FBCA /* FirebaseAnalyticsIdentitySupport in Frameworks */,
				4A302E762F6BCF0B0097FBCA /* FirebaseFirestore in Frameworks */,
				4A302E7C2F6BCF850097FBCA /* FirebaseAnalytics in Frameworks */,
			);
			runOnlyForDeploymentPostprocessing = 0;
		};
/* End PBXFrameworksBuildPhase section */

/* Begin PBXGroup section */
		4A302E722F6BCEFB0097FBCA /* Frameworks */ = {
			isa = PBXGroup;
			children = (
			);
			name = Frameworks;
			sourceTree = "<group>";
		};
		4A8809F22F6A6E0F00EBEE3D /* App */ = {
			isa = PBXGroup;
			children = (
				4A8809EF2F6A6E0F00EBEE3D /* AppRootView.swift */,
				4A8809F02F6A6E0F00EBEE3D /* AppTab.swift */,
				4A8809F12F6A6E0F00EBEE3D /* SwifterXApp.swift */,
				ENTL000010000000000000AA00 /* SwifterX.entitlements */,
			);
			path = App;
			sourceTree = "<group>";
		};
		4A8809F92F6A6E0F00EBEE3D /* Components */ = {
			isa = PBXGroup;
			children = (
				4A8809F32F6A6E0F00EBEE3D /* BottomTabItemView.swift */,
				4A8809F42F6A6E0F00EBEE3D /* PrimaryButton.swift */,
				4A8809F52F6A6E0F00EBEE3D /* RecommendationCardView.swift */,
				4A8809F62F6A6E0F00EBEE3D /* SearchFieldView.swift */,
				4A8809F72F6A6E0F00EBEE3D /* ServiceCategoryCardView.swift */,
				4A8809F82F6A6E0F00EBEE3D /* StatusHeaderView.swift */,
			);
			path = Components;
			sourceTree = "<group>";
		};
		4A8809FE2F6A6E0F00EBEE3D /* Tokens */ = {
			isa = PBXGroup;
			children = (
				4A8809FA2F6A6E0F00EBEE3D /* Color+Tokens.swift */,
				4A8809FB2F6A6E0F00EBEE3D /* Radius.swift */,
				4A8809FC2F6A6E0F00EBEE3D /* Spacing.swift */,
				4A8809FD2F6A6E0F00EBEE3D /* Typography+Tokens.swift */,
			);
			path = Tokens;
			sourceTree = "<group>";
		};
		4A8809FF2F6A6E0F00EBEE3D /* DesignSystem */ = {
			isa = PBXGroup;
			children = (
				4A8809F92F6A6E0F00EBEE3D /* Components */,
				4A8809FE2F6A6E0F00EBEE3D /* Tokens */,
			);
			path = DesignSystem;
			sourceTree = "<group>";
		};
		4A880A012F6A6E0F00EBEE3D /* Docs */ = {
			isa = PBXGroup;
			children = (
				4A880A002F6A6E0F00EBEE3D /* PrototypeValidation.md */,
			);
			path = Docs;
			sourceTree = "<group>";
		};
		4A880A032F6A6E0F00EBEE3D /* Cart */ = {
			isa = PBXGroup;
			children = (
				4A880A022F6A6E0F00EBEE3D /* CartView.swift */,
			);
			path = Cart;
			sourceTree = "<group>";
		};
		4A880A062F6A6E0F00EBEE3D /* Home */ = {
			isa = PBXGroup;
			children = (
				4A880A042F6A6E0F00EBEE3D /* HomeView.swift */,
				4A880A052F6A6E0F00EBEE3D /* ServiceDetailView.swift */,
				BB000002000000000000BB00 /* ProviderDetailView.swift */,
				BB000003000000000000CC00 /* CartCheckoutView.swift */,
			);
			path = Home;
			sourceTree = "<group>";
		};
		4A880A082F6A6E0F00EBEE3D /* Profile */ = {
			isa = PBXGroup;
			children = (
				4A880A072F6A6E0F00EBEE3D /* ProfileView.swift */,
			);
			path = Profile;
			sourceTree = "<group>";
		};
		4A880A0A2F6A6E0F00EBEE3D /* MockData */ = {
			isa = PBXGroup;
			children = (
				4A880A092F6A6E0F00EBEE3D /* MockData.swift */,
			);
			path = MockData;
			sourceTree = "<group>";
		};
		4A880A0D2F6A6E0F00EBEE3D /* Models */ = {
			isa = PBXGroup;
			children = (
				4A880A0B2F6A6E0F00EBEE3D /* Recommendation.swift */,
				4A880A0C2F6A6E0F00EBEE3D /* ServiceCategory.swift */,
				AA000006000000000000FF00 /* ServiceProvider.swift */,
				BB000001000000000000AA00 /* CartStore.swift */,
				EE000009000000000000C100 /* Review.swift */,
				POB0000100000000000001AA00 /* ProviderProfile.swift */,
				FAV0000100000000000001AA00 /* FavoritesStore.swift */,
				PRM0000100000000000001BB00 /* PromoCode.swift */,
				CHT0000100000000000001BB00 /* ChatMessage.swift */,
				DSP0000100000000000001CC00 /* Dispute.swift */,
				NTF0000100000000000001AA00 /* InAppNotificationItem.swift */,
			);
			path = Models;
			sourceTree = "<group>";
		};
		4A880A0E2F6A6E0F00EBEE3D /* Shared */ = {
			isa = PBXGroup;
			children = (
				4A880A0A2F6A6E0F00EBEE3D /* MockData */,
				4A880A0D2F6A6E0F00EBEE3D /* Models */,
			);
			path = Shared;
			sourceTree = "<group>";
		};
		4A880A0F2F6A6E0F00EBEE3D /* Features */ = {
			isa = PBXGroup;
			children = (
				4A880A032F6A6E0F00EBEE3D /* Cart */,
				4A880A062F6A6E0F00EBEE3D /* Home */,
				PP000000AAAABBBBCCCC0001 /* Provider */,
				4A880A082F6A6E0F00EBEE3D /* Profile */,
				4A880A0E2F6A6E0F00EBEE3D /* Shared */,
				CC000001AAAABBBBCCCC0001 /* Services */,
				MAP00005AAAABBBBCCCC0001 /* Map */,
			);
			path = Features;
			sourceTree = "<group>";
		};
		4A880A122F6A6E0F00EBEE3D /* Resources */ = {
			isa = PBXGroup;
			children = (
				4A880A112F6A6E0F00EBEE3D /* Assets.xcassets */,
				FF000001000000000000AA00 /* GoogleService-Info.plist */,
			);
			path = Resources;
			sourceTree = "<group>";
		};
		4AAD03752F6A75EA00E18C05 /* App */ = {
			isa = PBXGroup;
			children = (
				4AAD03722F6A75EA00E18C05 /* AppRootView.swift */,
				4AAD03732F6A75EA00E18C05 /* AppTab.swift */,
				4AAD03742F6A75EA00E18C05 /* SwifterXApp.swift */,
			);
			path = App;
			sourceTree = "<group>";
		};
		4AAD037C2F6A75EA00E18C05 /* Components */ = {
			isa = PBXGroup;
			children = (
				4AAD03762F6A75EA00E18C05 /* BottomTabItemView.swift */,
				4AAD03772F6A75EA00E18C05 /* PrimaryButton.swift */,
				4AAD03782F6A75EA00E18C05 /* RecommendationCardView.swift */,
				4AAD03792F6A75EA00E18C05 /* SearchFieldView.swift */,
				4AAD037A2F6A75EA00E18C05 /* ServiceCategoryCardView.swift */,
				4AAD037B2F6A75EA00E18C05 /* StatusHeaderView.swift */,
			);
			path = Components;
			sourceTree = "<group>";
		};
		4AAD03812F6A75EA00E18C05 /* Tokens */ = {
			isa = PBXGroup;
			children = (
				4AAD037D2F6A75EA00E18C05 /* Color+Tokens.swift */,
				4AAD037E2F6A75EA00E18C05 /* Radius.swift */,
				4AAD037F2F6A75EA00E18C05 /* Spacing.swift */,
				4AAD03802F6A75EA00E18C05 /* Typography+Tokens.swift */,
			);
			path = Tokens;
			sourceTree = "<group>";
		};
		4AAD03822F6A75EA00E18C05 /* DesignSystem */ = {
			isa = PBXGroup;
			children = (
				4AAD037C2F6A75EA00E18C05 /* Components */,
				4AAD03812F6A75EA00E18C05 /* Tokens */,
			);
			path = DesignSystem;
			sourceTree = "<group>";
		};
		4AAD03842F6A75EA00E18C05 /* Docs */ = {
			isa = PBXGroup;
			children = (
				4AAD03832F6A75EA00E18C05 /* PrototypeValidation.md */,
			);
			path = Docs;
			sourceTree = "<group>";
		};
		4AAD03862F6A75EA00E18C05 /* Auth */ = {
			isa = PBXGroup;
			children = (
				4AAD03852F6A75EA00E18C05 /* LoginView.swift */,
				AA000001000000000000AA00 /* SplashView.swift */,
				AA000002000000000000BB00 /* SelectServicesView.swift */,
				DD000001000000000000AA00 /* RoleSelectView.swift */,
			);
			path = Auth;
			sourceTree = "<group>";
		};
		4AAD03882F6A75EA00E18C05 /* Cart */ = {
			isa = PBXGroup;
			children = (
				4AAD03872F6A75EA00E18C05 /* CartView.swift */,
			);
			path = Cart;
			sourceTree = "<group>";
		};
		4AAD038B2F6A75EA00E18C05 /* Home */ = {
			isa = PBXGroup;
			children = (
				4AAD03892F6A75EA00E18C05 /* HomeView.swift */,
				4AAD038A2F6A75EA00E18C05 /* ServiceDetailView.swift */,
			);
			path = Home;
			sourceTree = "<group>";
		};
		4AAD038D2F6A75EA00E18C05 /* Profile */ = {
			isa = PBXGroup;
			children = (
				4AAD038C2F6A75EA00E18C05 /* ProfileView.swift */,
			);
			path = Profile;
			sourceTree = "<group>";
		};
		4AAD038F2F6A75EA00E18C05 /* MockData */ = {
			isa = PBXGroup;
			children = (
				4AAD038E2F6A75EA00E18C05 /* MockData.swift */,
			);
			path = MockData;
			sourceTree = "<group>";
		};
		4AAD03922F6A75EA00E18C05 /* Models */ = {
			isa = PBXGroup;
			children = (
				4AAD03902F6A75EA00E18C05 /* Recommendation.swift */,
				4AAD03912F6A75EA00E18C05 /* ServiceCategory.swift */,
			);
			path = Models;
			sourceTree = "<group>";
		};
		4AAD03932F6A75EA00E18C05 /* Shared */ = {
			isa = PBXGroup;
			children = (
				4AAD038F2F6A75EA00E18C05 /* MockData */,
				4AAD03922F6A75EA00E18C05 /* Models */,
				SHM00005AAAABBBBCCCC0001 /* Components */,
			);
			path = Shared;
			sourceTree = "<group>";
		};
		SHM00005AAAABBBBCCCC0001 /* Components */ = {
			isa = PBXGroup;
			children = (
				SHM0000100000000000001DD00 /* ShimmerView.swift */,
				EMP0000100000000000001DD00 /* EmptyStateView.swift */,
			);
			path = Components;
			sourceTree = "<group>";
		};
		4AAD03942F6A75EA00E18C05 /* Features */ = {
			isa = PBXGroup;
			children = (
				4AAD03862F6A75EA00E18C05 /* Auth */,
				4AAD03882F6A75EA00E18C05 /* Cart */,
				4AAD038B2F6A75EA00E18C05 /* Home */,
				4AAD038D2F6A75EA00E18C05 /* Profile */,
				4AAD03932F6A75EA00E18C05 /* Shared */,
				AA000004AAAABBBBCCCC0001 /* Orders */,
				AA000004AAAABBBBCCCC0002 /* Account */,
				CHT0000FFFFAAAA00000001BB /* Chat */,
				ONB00005AAAABBBBCCCC0001 /* Onboarding */,
				NTF00005AAAABBBBCCCC0001 /* Notifications */,
			);
			path = Features;
			sourceTree = "<group>";
		};
		4AAD03962F6A75EA00E18C05 /* Resources */ = {
			isa = PBXGroup;
			children = (
				4AAD03952F6A75EA00E18C05 /* Assets.xcassets */,
			);
			path = Resources;
			sourceTree = "<group>";
		};
		4AAD03992F6A75EA00E18C05 /* SwifterX */ = {
			isa = PBXGroup;
			children = (
				4A1E568F2F6F738100B9F8BD /* SwifterX-Info.plist */,
				PRV0000100000000000001EE00 /* PrivacyInfo.xcprivacy */,
				4AAD03752F6A75EA00E18C05 /* App */,
				4AAD03822F6A75EA00E18C05 /* DesignSystem */,
				4AAD03842F6A75EA00E18C05 /* Docs */,
				4AAD03942F6A75EA00E18C05 /* Features */,
				4AAD03962F6A75EA00E18C05 /* Resources */,
				4AAD03972F6A75EA00E18C05 /* README.md */,
				4AAD03982F6A75EA00E18C05 /* SwifterX.xcodeproj */,
				TST00005AAAABBBBCCCC0001 /* SwifterXTests */,
			);
			name = SwifterX;
			sourceTree = "<group>";
		};
		4AAD039A2F6A75EA00E18C05 /* Products */ = {
			isa = PBXGroup;
			children = (
				TST0000500000000000005AA00 /* SwifterXTests.app */,
			);
			name = Products;
			sourceTree = "<group>";
		};
		AA000004AAAABBBBCCCC0001 /* Orders */ = {
			isa = PBXGroup;
			children = (
				AA000003000000000000CC00 /* OrdersView.swift */,
				CC000002000000000000BB00 /* OrderDetailView.swift */,
				REV0000100000000000001AA00 /* ReviewSheet.swift */,
				LOC0000200000000000002AA00 /* ProviderTrackingCard.swift */,
				DSP0000300000000000003CC00 /* DisputeView.swift */,
			);
			path = Orders;
			sourceTree = "<group>";
		};
		CHT0000FFFFAAAA00000001BB /* Chat */ = {
			isa = PBXGroup;
			children = (
				CHT0000300000000000003BB00 /* ChatView.swift */,
			);
			path = Chat;
			sourceTree = "<group>";
		};
		ONB00005AAAABBBBCCCC0001 /* Onboarding */ = {
			isa = PBXGroup;
			children = (
				ONB0000100000000000001DD00 /* OnboardingView.swift */,
			);
			path = Onboarding;
			sourceTree = "<group>";
		};
		AA000004AAAABBBBCCCC0002 /* Account */ = {
			isa = PBXGroup;
			children = (
				AA000004000000000000DD00 /* AccountView.swift */,
				AA000005000000000000EE00 /* PersonalInfoView.swift */,
				FAV0000200000000000002AA00 /* FavoritesView.swift */,
				FAV0000300000000000003AA00 /* WalletView.swift */,
				REF0000100000000000001BB00 /* ReferralView.swift */,
			);
			path = Account;
			sourceTree = "<group>";
		};
		CFGGRP00000000000000001CC /* Config */ = {
			isa = PBXGroup;
			children = (
				CFG0000100000000000001CC00 /* Shared.xcconfig */,
			);
			path = Config;
			sourceTree = "<group>";
		};
		B00000000000000000000001 = {
			isa = PBXGroup;
			children = (
				4AAD03992F6A75EA00E18C05 /* SwifterX */,
				CFGGRP00000000000000001CC /* Config */,
				4A8809F22F6A6E0F00EBEE3D /* App */,
				4A8809FF2F6A6E0F00EBEE3D /* DesignSystem */,
				4A880A012F6A6E0F00EBEE3D /* Docs */,
				4A880A0F2F6A6E0F00EBEE3D /* Features */,
				EE000010AAAABBBBCCCC0001 /* Services */,
				UTL00005AAAABBBBCCCC0001 /* Utils */,
				4A880A102F6A6E0F00EBEE3D /* README.md */,
				4A880A122F6A6E0F00EBEE3D /* Resources */,
				4A302E722F6BCEFB0097FBCA /* Frameworks */,
				B00000000000000000000040 /* Products */,
			);
			sourceTree = "<group>";
		};
		B00000000000000000000040 /* Products */ = {
			isa = PBXGroup;
			children = (
				B00000000000000000000041 /* SwifterX.app */,
			);
			name = Products;
			sourceTree = "<group>";
		};
		CC000001AAAABBBBCCCC0001 /* Services */ = {
			isa = PBXGroup;
			children = (
				CC000001000000000000AA00 /* ServicesView.swift */,
			);
			path = Services;
			sourceTree = "<group>";
		};
		EE000010AAAABBBBCCCC0001 /* Services */ = {
			isa = PBXGroup;
			children = (
				EE000011AAAABBBBCCCC0001 /* Auth */,
				EE000012AAAABBBBCCCC0001 /* User */,
				EE000013AAAABBBBCCCC0001 /* API */,
				PPAY000010000000000000CC00 /* Payment */,
				EE000014AAAABBBBCCCC0001 /* Orders */,
				POB00005AAAABBBBCCCC0001 /* Provider */,
				LOC00005AAAABBBBCCCC0001 /* Location */,
				PRM00005AAAABBBBCCCC0001 /* Promo */,
				CHT00005AAAABBBBCCCC0001 /* Chat */,
				ANL00005AAAABBBBCCCC0001 /* Analytics */,
				DLR00005AAAABBBBCCCC0001 /* DeepLink */,
				NWM00005AAAABBBBCCCC0001 /* Network */,
				GEO00005AAAABBBBCCCC0001 /* Geo */,
				SCN00005AAAABBBBCCCC0001 /* Stripe */,
				NTF00006AAAABBBBCCCC0001 /* Notifications */,
			);
			path = Services;
			sourceTree = "<group>";
		};
		NTF00005AAAABBBBCCCC0001 /* Notifications */ = {
			isa = PBXGroup;
			children = (
				NTF0000300000000000003AA00 /* NotificationCenterView.swift */,
			);
			path = Notifications;
			sourceTree = "<group>";
		};
		NTF00006AAAABBBBCCCC0001 /* Notifications */ = {
			isa = PBXGroup;
			children = (
				NTF0000200000000000002AA00 /* NotificationFeedStore.swift */,
			);
			path = Notifications;
			sourceTree = "<group>";
		};
		POB00005AAAABBBBCCCC0001 /* Provider */ = {
			isa = PBXGroup;
			children = (
				POB0000200000000000002AA00 /* ProviderProfileManager.swift */,
				POB0000210000000000002AA00 /* ProviderProfilePhotoStorage.swift */,
			);
			path = Provider;
			sourceTree = "<group>";
		};
		LOC00005AAAABBBBCCCC0001 /* Location */ = {
			isa = PBXGroup;
			children = (
				LOC0000100000000000001AA00 /* LocationManager.swift */,
			);
			path = Location;
			sourceTree = "<group>";
		};
		PRM00005AAAABBBBCCCC0001 /* Promo */ = {
			isa = PBXGroup;
			children = (
				PRM0000200000000000002BB00 /* PromoCodeService.swift */,
			);
			path = Promo;
			sourceTree = "<group>";
		};
		CHT00005AAAABBBBCCCC0001 /* Chat */ = {
			isa = PBXGroup;
			children = (
				CHT0000200000000000002BB00 /* ChatManager.swift */,
			);
			path = Chat;
			sourceTree = "<group>";
		};
		ANL00005AAAABBBBCCCC0001 /* Analytics */ = {
			isa = PBXGroup;
			children = (
				ANL0000100000000000001CC00 /* AnalyticsManager.swift */,
			);
			path = Analytics;
			sourceTree = "<group>";
		};
		EE000011AAAABBBBCCCC0001 /* Auth */ = {
			isa = PBXGroup;
			children = (
				EE000001000000000000AA00 /* AuthManager.swift */,
				NOTIF00001000000000000AA00 /* NotificationManager.swift */,
			);
			path = Auth;
			sourceTree = "<group>";
		};
		EE000012AAAABBBBCCCC0001 /* User */ = {
			isa = PBXGroup;
			children = (
				EE000002000000000000BB00 /* UserProfile.swift */,
				EE000003000000000000CC00 /* UserProfileManager.swift */,
			);
			path = User;
			sourceTree = "<group>";
		};
		EE000013AAAABBBBCCCC0001 /* API */ = {
			isa = PBXGroup;
			children = (
				EE000004000000000000DD00 /* APIClient.swift */,
				EE000005000000000000EE00 /* MockAPIClient.swift */,
				EE000006000000000000FF00 /* FirestoreAPIClient.swift */,
				EE000007000000000000A100 /* DataService.swift */,
			);
			path = API;
			sourceTree = "<group>";
		};
		EE000014AAAABBBBCCCC0001 /* Orders */ = {
			isa = PBXGroup;
			children = (
				EE000008000000000000B100 /* OrderManager.swift */,
				DSP0000200000000000002CC00 /* DisputeService.swift */,
			);
			path = Orders;
			sourceTree = "<group>";
		};
		PP000000AAAABBBBCCCC0001 /* Provider */ = {
			isa = PBXGroup;
			children = (
				PP000001000000000000AA00 /* ProviderHomeView.swift */,
				PP000002000000000000BB00 /* ProviderScheduleView.swift */,
				PP000003000000000000CC00 /* ProviderAccountView.swift */,
				PP000004000000000000DD00 /* ProviderServicesView.swift */,
				POB0000300000000000003AA00 /* ProviderOnboardingView.swift */,
				POB0000400000000000004AA00 /* ProviderPublicProfileView.swift */,
				PPV0000100000000000001BB00 /* ProviderPayoutView.swift */,
			);
			path = Provider;
			sourceTree = "<group>";
		};
		PPAY000010000000000000CC00 /* Payment */ = {
			isa = PBXGroup;
			children = (
				PPAY000010000000000000AA00 /* StripeConfig.swift */,
				PPAY000010000000000000BB00 /* CheckoutPaymentCoordinator.swift */,
			);
			path = Payment;
			sourceTree = "<group>";
		};
		DLR00005AAAABBBBCCCC0001 /* DeepLink */ = {
			isa = PBXGroup;
			children = (
				DLR0000100000000000001FF00 /* DeepLinkRouter.swift */,
			);
			path = DeepLink;
			sourceTree = "<group>";
		};
		NWM00005AAAABBBBCCCC0001 /* Network */ = {
			isa = PBXGroup;
			children = (
				NWM0000100000000000001FF00 /* NetworkMonitor.swift */,
				RTQ0000100000000000001FF00 /* RetryQueue.swift */,
			);
			path = Network;
			sourceTree = "<group>";
		};
		GEO00005AAAABBBBCCCC0001 /* Geo */ = {
			isa = PBXGroup;
			children = (
				GEO0000100000000000001FF00 /* GeoSortService.swift */,
			);
			path = Geo;
			sourceTree = "<group>";
		};
		MAP00005AAAABBBBCCCC0001 /* Map */ = {
			isa = PBXGroup;
			children = (
				MAP0000100000000000001FF00 /* NearbyProvidersMapView.swift */,
			);
			path = Map;
			sourceTree = "<group>";
		};
		UTL00005AAAABBBBCCCC0001 /* Utils */ = {
			isa = PBXGroup;
			children = (
				SAN0000100000000000002FF00 /* InputSanitizer.swift */,
			);
			path = Utils;
			sourceTree = "<group>";
		};
		SCN00005AAAABBBBCCCC0001 /* Stripe */ = {
			isa = PBXGroup;
			children = (
				SCN0000100000000000001BB00 /* StripeConnectService.swift */,
			);
			path = Stripe;
			sourceTree = "<group>";
		};
		TST00005AAAABBBBCCCC0001 /* SwifterXTests */ = {
			isa = PBXGroup;
			children = (
				TST0000100000000000001AA00 /* InputSanitizerTests.swift */,
				TST0000200000000000002AA00 /* GeoSortServiceTests.swift */,
				TST0000300000000000003AA00 /* DeepLinkRouterTests.swift */,
				TST0000400000000000004AA00 /* PromoCodeTests.swift */,
			);
			path = SwifterXTests;
			sourceTree = "<group>";
		};
/* End PBXGroup section */

/* Begin PBXNativeTarget section */
		B00000000000000000000032 /* SwifterX */ = {
			isa = PBXNativeTarget;
			buildConfigurationList = B00000000000000000000072 /* Build configuration list for PBXNativeTarget "SwifterX" */;
			buildPhases = (
				B00000000000000000000033 /* Frameworks */,
				B00000000000000000000034 /* Sources */,
				B00000000000000000000035 /* Resources */,
			);
			buildRules = (
			);
			dependencies = (
			);
			name = SwifterX;
			productName = SwifterX;
			productReference = B00000000000000000000041 /* SwifterX.app */;
			productType = "com.apple.product-type.application";
		};
		TST0000700000000000007AA00 /* SwifterXTests */ = {
			isa = PBXNativeTarget;
			buildConfigurationList = TST0000800000000000008AA00 /* Build configuration list for PBXNativeTarget "SwifterXTests" */;
			buildPhases = (
				TST0000600000000000006AA90 /* Sources (Tests) */,
			);
			buildRules = (
			);
			dependencies = (
			);
			name = SwifterXTests;
			productName = SwifterXTests;
			productReference = TST0000500000000000005AA00 /* SwifterXTests.app */;
			productType = "com.apple.product-type.bundle.unit-test";
		};
/* End PBXNativeTarget section */

/* Begin PBXProject section */
		B00000000000000000000031 /* Project object */ = {
			isa = PBXProject;
			attributes = {
				BuildIndependentTargetsInParallel = 1;
				LastSwiftUpdateCheck = 1600;
				LastUpgradeCheck = 2630;
				TargetAttributes = {
					B00000000000000000000032 = {
						CreatedOnToolsVersion = 16.0;
					};
				};
			};
			buildConfigurationList = B00000000000000000000071 /* Build configuration list for PBXProject "SwifterX" */;
			compatibilityVersion = "Xcode 14.0";
			developmentRegion = en;
			hasScannedForEncodings = 0;
			knownRegions = (
				en,
				Base,
			);
			mainGroup = B00000000000000000000001;
			packageReferences = (
				4AB987332F6BC45C0083F30E /* XCRemoteSwiftPackageReference "swift-algorithms" */,
				4AB987362F6BC61E0083F30E /* XCRemoteSwiftPackageReference "firebase-ios-sdk" */,
				4AB9873F2F6BC9D80083F30E /* XCRemoteSwiftPackageReference "GoogleSignIn-iOS" */,
				B6F1E0012F6D000100110001 /* XCRemoteSwiftPackageReference "stripe-ios-spm" */,
			);
			productRefGroup = B00000000000000000000040 /* Products */;
			projectDirPath = "";
			projectReferences = (
				{
					ProductGroup = 4AAD039A2F6A75EA00E18C05 /* Products */;
					ProjectRef = 4AAD03982F6A75EA00E18C05 /* SwifterX.xcodeproj */;
				},
			);
			projectRoot = "";
			targets = (
				B00000000000000000000032 /* SwifterX */,
				TST0000700000000000007AA00 /* SwifterXTests */,
			);
		};
/* End PBXProject section */

/* Begin PBXResourcesBuildPhase section */
		B00000000000000000000035 /* Resources */ = {
			isa = PBXResourcesBuildPhase;
			buildActionMask = 2147483647;
			files = (
				AA000001000000000000AA02 /* Assets.xcassets in Resources */,
				FF000001000000000000AA01 /* GoogleService-Info.plist in Resources */,
				PRV0000100000000000001EE01 /* PrivacyInfo.xcprivacy in Resources */,
			);
			runOnlyForDeploymentPostprocessing = 0;
		};
/* End PBXResourcesBuildPhase section */

/* Begin PBXSourcesBuildPhase section */
		B00000000000000000000034 /* Sources */ = {
			isa = PBXSourcesBuildPhase;
			buildActionMask = 2147483647;
			files = (
				4AAD035A2F6A72AB00E18C05 /* AppRootView.swift in Sources */,
				4AAD035B2F6A72AB00E18C05 /* AppTab.swift in Sources */,
				4AAD035C2F6A72AB00E18C05 /* SwifterXApp.swift in Sources */,
				4AAD035D2F6A72AB00E18C05 /* BottomTabItemView.swift in Sources */,
				4AAD035E2F6A72AB00E18C05 /* PrimaryButton.swift in Sources */,
				4AAD035F2F6A72AB00E18C05 /* RecommendationCardView.swift in Sources */,
				4AAD03602F6A72AB00E18C05 /* SearchFieldView.swift in Sources */,
				4AAD03612F6A72AB00E18C05 /* ServiceCategoryCardView.swift in Sources */,
				4AAD03622F6A72AB00E18C05 /* StatusHeaderView.swift in Sources */,
				4AAD03632F6A72AB00E18C05 /* Color+Tokens.swift in Sources */,
				4AAD03642F6A72AB00E18C05 /* Radius.swift in Sources */,
				4AAD03652F6A72AB00E18C05 /* Spacing.swift in Sources */,
				4AAD03662F6A72AB00E18C05 /* Typography+Tokens.swift in Sources */,
				4AAD03682F6A72AB00E18C05 /* CartView.swift in Sources */,
				4AAD03692F6A72AB00E18C05 /* HomeView.swift in Sources */,
				4AAD036A2F6A72AB00E18C05 /* ServiceDetailView.swift in Sources */,
				4AAD036B2F6A72AB00E18C05 /* ProfileView.swift in Sources */,
				4AAD036C2F6A72AB00E18C05 /* MockData.swift in Sources */,
				4AAD036D2F6A72AB00E18C05 /* Recommendation.swift in Sources */,
				4AAD036E2F6A72AB00E18C05 /* ServiceCategory.swift in Sources */,
				4AAD039C2F6A760700E18C05 /* LoginView.swift in Sources */,
				AA000001000000000000AA01 /* SplashView.swift in Sources */,
				AA000002000000000000BB01 /* SelectServicesView.swift in Sources */,
				DD000001000000000000AA01 /* RoleSelectView.swift in Sources */,
				PP000001000000000000AA01 /* ProviderHomeView.swift in Sources */,
				PP000002000000000000BB01 /* ProviderScheduleView.swift in Sources */,
				PP000003000000000000CC01 /* ProviderAccountView.swift in Sources */,
				PP000004000000000000DD01 /* ProviderServicesView.swift in Sources */,
				AA000003000000000000CC01 /* OrdersView.swift in Sources */,
				AA000004000000000000DD01 /* AccountView.swift in Sources */,
				AA000005000000000000EE01 /* PersonalInfoView.swift in Sources */,
				AA000006000000000000FF01 /* ServiceProvider.swift in Sources */,
				BB000001000000000000AA01 /* CartStore.swift in Sources */,
				BB000002000000000000BB01 /* ProviderDetailView.swift in Sources */,
				BB000003000000000000CC01 /* CartCheckoutView.swift in Sources */,
				CC000001000000000000AA01 /* ServicesView.swift in Sources */,
				CC000002000000000000BB01 /* OrderDetailView.swift in Sources */,
				EE000001000000000000AA01 /* AuthManager.swift in Sources */,
				EE000002000000000000BB01 /* UserProfile.swift in Sources */,
				EE000003000000000000CC01 /* UserProfileManager.swift in Sources */,
				EE000004000000000000DD01 /* APIClient.swift in Sources */,
				EE000005000000000000EE01 /* MockAPIClient.swift in Sources */,
				EE000006000000000000FF01 /* FirestoreAPIClient.swift in Sources */,
				EE000007000000000000A101 /* DataService.swift in Sources */,
				EE000008000000000000B101 /* OrderManager.swift in Sources */,
				EE000009000000000000C101 /* Review.swift in Sources */,
				PPAY000010000000000000AA01 /* StripeConfig.swift in Sources */,
				PPAY000010000000000000BB01 /* CheckoutPaymentCoordinator.swift in Sources */,
				NOTIF00001000000000000AA01 /* NotificationManager.swift in Sources */,
				FAV0000100000000000001AA01 /* FavoritesStore.swift in Sources */,
				FAV0000200000000000002AA01 /* FavoritesView.swift in Sources */,
				FAV0000300000000000003AA01 /* WalletView.swift in Sources */,
				REV0000100000000000001AA01 /* ReviewSheet.swift in Sources */,
				POB0000100000000000001AA01 /* ProviderProfile.swift in Sources */,
				POB0000200000000000002AA01 /* ProviderProfileManager.swift in Sources */,
				POB0000210000000000002AA01 /* ProviderProfilePhotoStorage.swift in Sources */,
				POB0000300000000000003AA01 /* ProviderOnboardingView.swift in Sources */,
				POB0000400000000000004AA01 /* ProviderPublicProfileView.swift in Sources */,
				LOC0000100000000000001AA01 /* LocationManager.swift in Sources */,
				LOC0000200000000000002AA01 /* ProviderTrackingCard.swift in Sources */,
				PRM0000100000000000001BB01 /* PromoCode.swift in Sources */,
				PRM0000200000000000002BB01 /* PromoCodeService.swift in Sources */,
				CHT0000100000000000001BB01 /* ChatMessage.swift in Sources */,
				CHT0000200000000000002BB01 /* ChatManager.swift in Sources */,
				CHT0000300000000000003BB01 /* ChatView.swift in Sources */,
				REF0000100000000000001BB01 /* ReferralView.swift in Sources */,
				ANL0000100000000000001CC01 /* AnalyticsManager.swift in Sources */,
				SHM0000100000000000001DD01 /* ShimmerView.swift in Sources */,
				EMP0000100000000000001DD01 /* EmptyStateView.swift in Sources */,
				ONB0000100000000000001DD01 /* OnboardingView.swift in Sources */,
				DLR0000100000000000001FF01 /* DeepLinkRouter.swift in Sources */,
				NWM0000100000000000001FF01 /* NetworkMonitor.swift in Sources */,
				RTQ0000100000000000001FF01 /* RetryQueue.swift in Sources */,
				GEO0000100000000000001FF01 /* GeoSortService.swift in Sources */,
				MAP0000100000000000001FF01 /* NearbyProvidersMapView.swift in Sources */,
				SAN0000100000000000002FF01 /* InputSanitizer.swift in Sources */,
				SCN0000100000000000001BB01 /* StripeConnectService.swift in Sources */,
				PPV0000100000000000001BB01 /* ProviderPayoutView.swift in Sources */,
				DSP0000100000000000001CC01 /* Dispute.swift in Sources */,
				DSP0000200000000000002CC01 /* DisputeService.swift in Sources */,
				DSP0000300000000000003CC01 /* DisputeView.swift in Sources */,
				NTF0000100000000000001AA01 /* InAppNotificationItem.swift in Sources */,
				NTF0000200000000000002AA01 /* NotificationFeedStore.swift in Sources */,
				NTF0000300000000000003AA01 /* NotificationCenterView.swift in Sources */,
			);
			runOnlyForDeploymentPostprocessing = 0;
		};
		TST0000600000000000006AA90 /* Sources (Tests) */ = {
			isa = PBXSourcesBuildPhase;
			buildActionMask = 2147483647;
			files = (
				TST0000100000000000001AA01 /* InputSanitizerTests.swift in Sources */,
				TST0000200000000000002AA01 /* GeoSortServiceTests.swift in Sources */,
				TST0000300000000000003AA01 /* DeepLinkRouterTests.swift in Sources */,
				TST0000400000000000004AA01 /* PromoCodeTests.swift in Sources */,
			);
			runOnlyForDeploymentPostprocessing = 0;
		};
/* End PBXSourcesBuildPhase section */

/* Begin XCBuildConfiguration section */
		B00000000000000000000081 /* Debug */ = {
			isa = XCBuildConfiguration;
			buildSettings = {
				ALWAYS_SEARCH_USER_PATHS = NO;
				CLANG_ENABLE_MODULES = YES;
				CLANG_ENABLE_OBJC_ARC = YES;
				CLANG_WARN_BLOCK_CAPTURE_AUTORELEASING = YES;
				CLANG_WARN_BOOL_CONVERSION = YES;
				CLANG_WARN_COMMA = YES;
				CLANG_WARN_CONSTANT_CONVERSION = YES;
				CLANG_WARN_DEPRECATED_OBJC_IMPLEMENTATIONS = YES;
				CLANG_WARN_DOCUMENTATION_COMMENTS = YES;
				CLANG_WARN_EMPTY_BODY = YES;
				CLANG_WARN_ENUM_CONVERSION = YES;
				CLANG_WARN_INFINITE_RECURSION = YES;
				CLANG_WARN_INT_CONVERSION = YES;
				CLANG_WARN_NON_LITERAL_NULL_CONVERSION = YES;
				CLANG_WARN_OBJC_IMPLICIT_RETAIN_SELF = YES;
				CLANG_WARN_OBJC_LITERAL_CONVERSION = YES;
				CLANG_WARN_QUOTED_INCLUDE_IN_FRAMEWORK_HEADER = YES;
				CLANG_WARN_RANGE_LOOP_ANALYSIS = YES;
				CLANG_WARN_STRICT_PROTOTYPES = YES;
				CLANG_WARN_SUSPICIOUS_MOVE = YES;
				CLANG_WARN_UNREACHABLE_CODE = YES;
				CLANG_WARN__DUPLICATE_METHOD_MATCH = YES;
				COPY_PHASE_STRIP = NO;
				DEBUG_INFORMATION_FORMAT = dwarf;
				ENABLE_NS_ASSERTIONS = YES;
				ENABLE_STRICT_OBJC_MSGSEND = YES;
				ENABLE_TESTABILITY = YES;
				ENABLE_USER_SCRIPT_SANDBOXING = YES;
				GCC_C_LANGUAGE_STANDARD = gnu17;
				GCC_NO_COMMON_BLOCKS = YES;
				GCC_OPTIMIZATION_LEVEL = 0;
				GCC_PREPROCESSOR_DEFINITIONS = (
					"DEBUG=1",
					"$(inherited)",
				);
				GCC_WARN_64_TO_32_BIT_CONVERSION = YES;
				GCC_WARN_ABOUT_RETURN_TYPE = YES;
				GCC_WARN_UNDECLARED_SELECTOR = YES;
				GCC_WARN_UNINITIALIZED_AUTOS = YES;
				GCC_WARN_UNUSED_FUNCTION = YES;
				GCC_WARN_UNUSED_VARIABLE = YES;
				IPHONEOS_DEPLOYMENT_TARGET = 17.0;
				ONLY_ACTIVE_ARCH = YES;
				SDKROOT = iphoneos;
				STRING_CATALOG_GENERATE_SYMBOLS = YES;
				SWIFT_ACTIVE_COMPILATION_CONDITIONS = DEBUG;
				SWIFT_OPTIMIZATION_LEVEL = "-Onone";
			};
			name = Debug;
		};
		B00000000000000000000082 /* Release */ = {
			isa = XCBuildConfiguration;
			buildSettings = {
				ALWAYS_SEARCH_USER_PATHS = NO;
				CLANG_ENABLE_MODULES = YES;
				CLANG_ENABLE_OBJC_ARC = YES;
				CLANG_WARN_BLOCK_CAPTURE_AUTORELEASING = YES;
				CLANG_WARN_BOOL_CONVERSION = YES;
				CLANG_WARN_COMMA = YES;
				CLANG_WARN_CONSTANT_CONVERSION = YES;
				CLANG_WARN_DEPRECATED_OBJC_IMPLEMENTATIONS = YES;
				CLANG_WARN_DOCUMENTATION_COMMENTS = YES;
				CLANG_WARN_EMPTY_BODY = YES;
				CLANG_WARN_ENUM_CONVERSION = YES;
				CLANG_WARN_INFINITE_RECURSION = YES;
				CLANG_WARN_INT_CONVERSION = YES;
				CLANG_WARN_NON_LITERAL_NULL_CONVERSION = YES;
				CLANG_WARN_OBJC_IMPLICIT_RETAIN_SELF = YES;
				CLANG_WARN_OBJC_LITERAL_CONVERSION = YES;
				CLANG_WARN_QUOTED_INCLUDE_IN_FRAMEWORK_HEADER = YES;
				CLANG_WARN_RANGE_LOOP_ANALYSIS = YES;
				CLANG_WARN_STRICT_PROTOTYPES = YES;
				CLANG_WARN_SUSPICIOUS_MOVE = YES;
				CLANG_WARN_UNREACHABLE_CODE = YES;
				CLANG_WARN__DUPLICATE_METHOD_MATCH = YES;
				COPY_PHASE_STRIP = NO;
				DEBUG_INFORMATION_FORMAT = "dwarf-with-dsym";
				ENABLE_NS_ASSERTIONS = NO;
				ENABLE_STRICT_OBJC_MSGSEND = YES;
				ENABLE_USER_SCRIPT_SANDBOXING = YES;
				GCC_C_LANGUAGE_STANDARD = gnu17;
				GCC_NO_COMMON_BLOCKS = YES;
				GCC_WARN_64_TO_32_BIT_CONVERSION = YES;
				GCC_WARN_ABOUT_RETURN_TYPE = YES;
				GCC_WARN_UNDECLARED_SELECTOR = YES;
				GCC_WARN_UNINITIALIZED_AUTOS = YES;
				GCC_WARN_UNUSED_FUNCTION = YES;
				GCC_WARN_UNUSED_VARIABLE = YES;
				IPHONEOS_DEPLOYMENT_TARGET = 17.0;
				SDKROOT = iphoneos;
				STRING_CATALOG_GENERATE_SYMBOLS = YES;
				SWIFT_COMPILATION_MODE = wholemodule;
				VALIDATE_PRODUCT = YES;
			};
			name = Release;
		};
		B00000000000000000000083 /* Debug */ = {
			isa = XCBuildConfiguration;
			baseConfigurationReference = CFG0000100000000000001CC00 /* Shared.xcconfig */;
			buildSettings = {
				ASSETCATALOG_COMPILER_APPICON_NAME = AppIcon;
				ASSETCATALOG_COMPILER_INCLUDE_ALL_APPICON_ASSETS = NO;
				CODE_SIGN_ENTITLEMENTS = "SwifterX.entitlements";
				CODE_SIGN_STYLE = Automatic;
				CURRENT_PROJECT_VERSION = 1;
				DEVELOPMENT_TEAM = Z855T78S6X;
				ENABLE_PREVIEWS = YES;
				GENERATE_INFOPLIST_FILE = YES;
				INFOPLIST_FILE = "SwifterX-Info.plist";
				INFOPLIST_KEY_UIApplicationSceneManifest_Generation = YES;
				INFOPLIST_KEY_UIApplicationSupportsIndirectInputEvents = YES;
				INFOPLIST_KEY_UILaunchScreen_Generation = YES;
				INFOPLIST_KEY_UISupportedInterfaceOrientations_iPad = "UIInterfaceOrientationPortrait UIInterfaceOrientationPortraitUpsideDown UIInterfaceOrientationLandscapeLeft UIInterfaceOrientationLandscapeRight";
				INFOPLIST_KEY_UISupportedInterfaceOrientations_iPhone = UIInterfaceOrientationPortrait;
				LD_RUNPATH_SEARCH_PATHS = (
					"$(inherited)",
					"@executable_path/Frameworks",
				);
				MARKETING_VERSION = 1.0;
				PRODUCT_BUNDLE_IDENTIFIER = com.swifterx.app;
				PRODUCT_NAME = "$(TARGET_NAME)";
				SUPPORTED_PLATFORMS = "iphoneos iphonesimulator";
				SUPPORTS_MACCATALYST = NO;
				SWIFT_EMIT_LOC_STRINGS = YES;
				SWIFT_VERSION = 5.0;
				TARGETED_DEVICE_FAMILY = "1,2";
			};
			name = Debug;
		};
		B00000000000000000000084 /* Release */ = {
			isa = XCBuildConfiguration;
			baseConfigurationReference = CFG0000100000000000001CC00 /* Shared.xcconfig */;
			buildSettings = {
				ASSETCATALOG_COMPILER_APPICON_NAME = AppIcon;
				ASSETCATALOG_COMPILER_INCLUDE_ALL_APPICON_ASSETS = NO;
				CODE_SIGN_ENTITLEMENTS = "SwifterX.entitlements";
				CODE_SIGN_STYLE = Automatic;
				CURRENT_PROJECT_VERSION = 1;
				DEVELOPMENT_TEAM = Z855T78S6X;
				ENABLE_PREVIEWS = NO;
				GENERATE_INFOPLIST_FILE = YES;
				INFOPLIST_FILE = "SwifterX-Info.plist";
				INFOPLIST_KEY_UIApplicationSceneManifest_Generation = YES;
				INFOPLIST_KEY_UIApplicationSupportsIndirectInputEvents = YES;
				INFOPLIST_KEY_UILaunchScreen_Generation = YES;
				INFOPLIST_KEY_UISupportedInterfaceOrientations_iPad = "UIInterfaceOrientationPortrait UIInterfaceOrientationPortraitUpsideDown UIInterfaceOrientationLandscapeLeft UIInterfaceOrientationLandscapeRight";
				INFOPLIST_KEY_UISupportedInterfaceOrientations_iPhone = UIInterfaceOrientationPortrait;
				LD_RUNPATH_SEARCH_PATHS = (
					"$(inherited)",
					"@executable_path/Frameworks",
				);
				MARKETING_VERSION = 1.0.0;
				PRODUCT_BUNDLE_IDENTIFIER = com.swifterx.app;
				PRODUCT_NAME = "$(TARGET_NAME)";
				SUPPORTED_PLATFORMS = "iphoneos iphonesimulator";
				SUPPORTS_MACCATALYST = NO;
				SWIFT_EMIT_LOC_STRINGS = YES;
				SWIFT_OPTIMIZATION_LEVEL = "-O";
				SWIFT_VERSION = 5.0;
				TARGETED_DEVICE_FAMILY = "1,2";
			};
			name = Release;
		};
		TST0000910000000000009AA00 /* Debug (Tests) */ = {
			isa = XCBuildConfiguration;
			buildSettings = {
				BUNDLE_LOADER = "$(TEST_HOST)";
				CLANG_ENABLE_MODULES = YES;
				CODE_SIGN_STYLE = Automatic;
				DEVELOPMENT_TEAM = Z855T78S6X;
				GENERATE_INFOPLIST_FILE = YES;
				LD_RUNPATH_SEARCH_PATHS = (
					"$(inherited)",
					"@executable_path/Frameworks",
					"@loader_path/Frameworks",
				);
				PRODUCT_BUNDLE_IDENTIFIER = com.swifterx.app.tests;
				PRODUCT_NAME = "$(TARGET_NAME)";
				SWIFT_VERSION = 5.0;
				TARGETED_DEVICE_FAMILY = "1,2";
				TEST_HOST = "$(BUILT_PRODUCTS_DIR)/SwifterX.app/$(BUNDLE_EXECUTABLE_FOLDER_PATH)/SwifterX";
			};
			name = Debug;
		};
		TST0000920000000000009BB00 /* Release (Tests) */ = {
			isa = XCBuildConfiguration;
			buildSettings = {
				BUNDLE_LOADER = "$(TEST_HOST)";
				CLANG_ENABLE_MODULES = YES;
				CODE_SIGN_STYLE = Automatic;
				DEVELOPMENT_TEAM = Z855T78S6X;
				GENERATE_INFOPLIST_FILE = YES;
				LD_RUNPATH_SEARCH_PATHS = (
					"$(inherited)",
					"@executable_path/Frameworks",
					"@loader_path/Frameworks",
				);
				PRODUCT_BUNDLE_IDENTIFIER = com.swifterx.app.tests;
				PRODUCT_NAME = "$(TARGET_NAME)";
				SWIFT_OPTIMIZATION_LEVEL = "-O";
				SWIFT_VERSION = 5.0;
				TARGETED_DEVICE_FAMILY = "1,2";
				TEST_HOST = "$(BUILT_PRODUCTS_DIR)/SwifterX.app/$(BUNDLE_EXECUTABLE_FOLDER_PATH)/SwifterX";
			};
			name = Release;
		};
/* End XCBuildConfiguration section */

/* Begin XCConfigurationList section */
		B00000000000000000000071 /* Build configuration list for PBXProject "SwifterX" */ = {
			isa = XCConfigurationList;
			buildConfigurations = (
				B00000000000000000000081 /* Debug */,
				B00000000000000000000082 /* Release */,
			);
			defaultConfigurationIsVisible = 0;
			defaultConfigurationName = Release;
		};
		TST0000800000000000008AA00 /* Build configuration list for PBXNativeTarget "SwifterXTests" */ = {
			isa = XCConfigurationList;
			buildConfigurations = (
				TST0000910000000000009AA00 /* Debug (Tests) */,
				TST0000920000000000009BB00 /* Release (Tests) */,
			);
			defaultConfigurationIsVisible = 0;
			defaultConfigurationName = Release;
		};
		B00000000000000000000072 /* Build configuration list for PBXNativeTarget "SwifterX" */ = {
			isa = XCConfigurationList;
			buildConfigurations = (
				B00000000000000000000083 /* Debug */,
				B00000000000000000000084 /* Release */,
			);
			defaultConfigurationIsVisible = 0;
			defaultConfigurationName = Release;
		};
/* End XCConfigurationList section */

/* Begin XCRemoteSwiftPackageReference section */
		4AB987332F6BC45C0083F30E /* XCRemoteSwiftPackageReference "swift-algorithms" */ = {
			isa = XCRemoteSwiftPackageReference;
			repositoryURL = "https://github.com/apple/swift-algorithms.git";
			requirement = {
				kind = upToNextMajorVersion;
				minimumVersion = 1.2.1;
			};
		};
		4AB987362F6BC61E0083F30E /* XCRemoteSwiftPackageReference "firebase-ios-sdk" */ = {
			isa = XCRemoteSwiftPackageReference;
			repositoryURL = "https://github.com/firebase/firebase-ios-sdk";
			requirement = {
				kind = upToNextMajorVersion;
				minimumVersion = 12.11.0;
			};
		};
		4AB9873F2F6BC9D80083F30E /* XCRemoteSwiftPackageReference "GoogleSignIn-iOS" */ = {
			isa = XCRemoteSwiftPackageReference;
			repositoryURL = "https://github.com/google/GoogleSignIn-iOS";
			requirement = {
				kind = upToNextMajorVersion;
				minimumVersion = 9.1.0;
			};
		};
		B6F1E0012F6D000100110001 /* XCRemoteSwiftPackageReference "stripe-ios-spm" */ = {
			isa = XCRemoteSwiftPackageReference;
			repositoryURL = "https://github.com/stripe/stripe-ios-spm";
			requirement = {
				kind = upToNextMajorVersion;
				minimumVersion = 24.0.0;
			};
		};
/* End XCRemoteSwiftPackageReference section */

/* Begin XCSwiftPackageProductDependency section */
		4A302E732F6BCEFB0097FBCA /* FirebaseAuth */ = {
			isa = XCSwiftPackageProductDependency;
			package = 4AB987362F6BC61E0083F30E /* XCRemoteSwiftPackageReference "firebase-ios-sdk" */;
			productName = FirebaseAuth;
		};
		4A302E752F6BCF0B0097FBCA /* FirebaseFirestore */ = {
			isa = XCSwiftPackageProductDependency;
			package = 4AB987362F6BC61E0083F30E /* XCRemoteSwiftPackageReference "firebase-ios-sdk" */;
			productName = FirebaseFirestore;
		};
		4A302E7B2F6BCF850097FBCA /* FirebaseAnalytics */ = {
			isa = XCSwiftPackageProductDependency;
			package = 4AB987362F6BC61E0083F30E /* XCRemoteSwiftPackageReference "firebase-ios-sdk" */;
			productName = FirebaseAnalytics;
		};
		4A302E7D2F6BCF850097FBCA /* FirebaseAnalyticsCore */ = {
			isa = XCSwiftPackageProductDependency;
			package = 4AB987362F6BC61E0083F30E /* XCRemoteSwiftPackageReference "firebase-ios-sdk" */;
			productName = FirebaseAnalyticsCore;
		};
		4A302E7F2F6BCF850097FBCA /* FirebaseAnalyticsIdentitySupport */ = {
			isa = XCSwiftPackageProductDependency;
			package = 4AB987362F6BC61E0083F30E /* XCRemoteSwiftPackageReference "firebase-ios-sdk" */;
			productName = FirebaseAnalyticsIdentitySupport;
		};
		4A302E812F6BCF850097FBCA /* FirebaseAppCheck */ = {
			isa = XCSwiftPackageProductDependency;
			package = 4AB987362F6BC61E0083F30E /* XCRemoteSwiftPackageReference "firebase-ios-sdk" */;
			productName = FirebaseAppCheck;
		};
		4A302E832F6BCF850097FBCA /* FirebaseAppDistribution-Beta */ = {
			isa = XCSwiftPackageProductDependency;
			package = 4AB987362F6BC61E0083F30E /* XCRemoteSwiftPackageReference "firebase-ios-sdk" */;
			productName = "FirebaseAppDistribution-Beta";
		};
		4A302E852F6BCF850097FBCA /* FirebaseAuth */ = {
			isa = XCSwiftPackageProductDependency;
			package = 4AB987362F6BC61E0083F30E /* XCRemoteSwiftPackageReference "firebase-ios-sdk" */;
			productName = FirebaseAuth;
		};
		4A302E872F6BCF850097FBCA /* FirebaseAuthCombine-Community */ = {
			isa = XCSwiftPackageProductDependency;
			package = 4AB987362F6BC61E0083F30E /* XCRemoteSwiftPackageReference "firebase-ios-sdk" */;
			productName = "FirebaseAuthCombine-Community";
		};
		4A302E892F6BCF850097FBCA /* FirebaseCore */ = {
			isa = XCSwiftPackageProductDependency;
			package = 4AB987362F6BC61E0083F30E /* XCRemoteSwiftPackageReference "firebase-ios-sdk" */;
			productName = FirebaseCore;
		};
		4A302E8B2F6BCF850097FBCA /* FirebaseCrashlytics */ = {
			isa = XCSwiftPackageProductDependency;
			package = 4AB987362F6BC61E0083F30E /* XCRemoteSwiftPackageReference "firebase-ios-sdk" */;
			productName = FirebaseCrashlytics;
		};
		4A302E8D2F6BCF850097FBCA /* FirebaseDatabase */ = {
			isa = XCSwiftPackageProductDependency;
			package = 4AB987362F6BC61E0083F30E /* XCRemoteSwiftPackageReference "firebase-ios-sdk" */;
			productName = FirebaseDatabase;
		};
		4A302E8F2F6BCF850097FBCA /* FirebaseFirestore */ = {
			isa = XCSwiftPackageProductDependency;
			package = 4AB987362F6BC61E0083F30E /* XCRemoteSwiftPackageReference "firebase-ios-sdk" */;
			productName = FirebaseFirestore;
		};
		4A302E912F6BCF850097FBCA /* FirebaseFirestoreCombine-Community */ = {
			isa = XCSwiftPackageProductDependency;
			package = 4AB987362F6BC61E0083F30E /* XCRemoteSwiftPackageReference "firebase-ios-sdk" */;
			productName = "FirebaseFirestoreCombine-Community";
		};
		4A302E932F6BCF850097FBCA /* FirebaseFunctions */ = {
			isa = XCSwiftPackageProductDependency;
			package = 4AB987362F6BC61E0083F30E /* XCRemoteSwiftPackageReference "firebase-ios-sdk" */;
			productName = FirebaseFunctions;
		};
		4A302E952F6BCF850097FBCA /* FirebaseFunctionsCombine-Community */ = {
			isa = XCSwiftPackageProductDependency;
			package = 4AB987362F6BC61E0083F30E /* XCRemoteSwiftPackageReference "firebase-ios-sdk" */;
			productName = "FirebaseFunctionsCombine-Community";
		};
		4A302E972F6BCF850097FBCA /* FirebaseInAppMessaging-Beta */ = {
			isa = XCSwiftPackageProductDependency;
			package = 4AB987362F6BC61E0083F30E /* XCRemoteSwiftPackageReference "firebase-ios-sdk" */;
			productName = "FirebaseInAppMessaging-Beta";
		};
		4A302E992F6BCF850097FBCA /* FirebaseInstallations */ = {
			isa = XCSwiftPackageProductDependency;
			package = 4AB987362F6BC61E0083F30E /* XCRemoteSwiftPackageReference "firebase-ios-sdk" */;
			productName = FirebaseInstallations;
		};
		4A302E9B2F6BCF850097FBCA /* FirebaseMessaging */ = {
			isa = XCSwiftPackageProductDependency;
			package = 4AB987362F6BC61E0083F30E /* XCRemoteSwiftPackageReference "firebase-ios-sdk" */;
			productName = FirebaseMessaging;
		};
		4A302E9D2F6BCF850097FBCA /* FirebaseMLModelDownloader */ = {
			isa = XCSwiftPackageProductDependency;
			package = 4AB987362F6BC61E0083F30E /* XCRemoteSwiftPackageReference "firebase-ios-sdk" */;
			productName = FirebaseMLModelDownloader;
		};
		4A302E9F2F6BCF850097FBCA /* FirebasePerformance */ = {
			isa = XCSwiftPackageProductDependency;
			package = 4AB987362F6BC61E0083F30E /* XCRemoteSwiftPackageReference "firebase-ios-sdk" */;
			productName = FirebasePerformance;
		};
		4A302EA12F6BCF850097FBCA /* FirebaseRemoteConfig */ = {
			isa = XCSwiftPackageProductDependency;
			package = 4AB987362F6BC61E0083F30E /* XCRemoteSwiftPackageReference "firebase-ios-sdk" */;
			productName = FirebaseRemoteConfig;
		};
		4A302EA32F6BCF850097FBCA /* FirebaseStorage */ = {
			isa = XCSwiftPackageProductDependency;
			package = 4AB987362F6BC61E0083F30E /* XCRemoteSwiftPackageReference "firebase-ios-sdk" */;
			productName = FirebaseStorage;
		};
		4A302EA52F6BCF850097FBCA /* FirebaseStorageCombine-Community */ = {
			isa = XCSwiftPackageProductDependency;
			package = 4AB987362F6BC61E0083F30E /* XCRemoteSwiftPackageReference "firebase-ios-sdk" */;
			productName = "FirebaseStorageCombine-Community";
		};
		4AB987342F6BC45C0083F30E /* Algorithms */ = {
			isa = XCSwiftPackageProductDependency;
			package = 4AB987332F6BC45C0083F30E /* XCRemoteSwiftPackageReference "swift-algorithms" */;
			productName = Algorithms;
		};
		4AB987372F6BC61E0083F30E /* FirebaseAnalytics */ = {
			isa = XCSwiftPackageProductDependency;
			package = 4AB987362F6BC61E0083F30E /* XCRemoteSwiftPackageReference "firebase-ios-sdk" */;
			productName = FirebaseAnalytics;
		};
		4AB987402F6BC9D80083F30E /* GoogleSignIn */ = {
			isa = XCSwiftPackageProductDependency;
			package = 4AB9873F2F6BC9D80083F30E /* XCRemoteSwiftPackageReference "GoogleSignIn-iOS" */;
			productName = GoogleSignIn;
		};
		4AB987422F6BC9D80083F30E /* GoogleSignInSwift */ = {
			isa = XCSwiftPackageProductDependency;
			package = 4AB9873F2F6BC9D80083F30E /* XCRemoteSwiftPackageReference "GoogleSignIn-iOS" */;
			productName = GoogleSignInSwift;
		};
		B6F1E0012F6D000100110002 /* StripePaymentSheet */ = {
			isa = XCSwiftPackageProductDependency;
			package = B6F1E0012F6D000100110001 /* XCRemoteSwiftPackageReference "stripe-ios-spm" */;
			productName = StripePaymentSheet;
		};
/* End XCSwiftPackageProductDependency section */
	};
	rootObject = B00000000000000000000031 /* Project object */;
}
